// !$*UTF8*$!
{
	archiveVersion = 1;
	classes = {
	};
	objectVersion = 46;
	objects = {

/* Begin PBXBuildFile section */
		2D8A0F76150CFAF3002348D9 /* Steps in Resources */ = {isa = PBXBuildFile; fileRef = 2D8A0F75150CFAF3002348D9 /* Steps */; };
		2D8A0F79150CFF40002348D9 /* NewsRetriever.m in Sources */ = {isa = PBXBuildFile; fileRef = 2D8A0F78150CFF40002348D9 /* NewsRetriever.m */; };
		2D8A0F7E150D040E002348D9 /* ProfileSlideCardView.m in Sources */ = {isa = PBXBuildFile; fileRef = 2D8A0F7D150D040E002348D9 /* ProfileSlideCardView.m */; };
		2D92AF2614AA22E6007819D7 /* UIKit.framework in Frameworks */ = {isa = PBXBuildFile; fileRef = 2D92AF2514AA22E6007819D7 /* UIKit.framework */; };
		2D92AF2814AA22E6007819D7 /* Foundation.framework in Frameworks */ = {isa = PBXBuildFile; fileRef = 2D92AF2714AA22E6007819D7 /* Foundation.framework */; };
		2D92AF2A14AA22E6007819D7 /* CoreGraphics.framework in Frameworks */ = {isa = PBXBuildFile; fileRef = 2D92AF2914AA22E6007819D7 /* CoreGraphics.framework */; };
		2D92AF3014AA22E6007819D7 /* InfoPlist.strings in Resources */ = {isa = PBXBuildFile; fileRef = 2D92AF2E14AA22E6007819D7 /* InfoPlist.strings */; };
		2D92AF3214AA22E6007819D7 /* main.m in Sources */ = {isa = PBXBuildFile; fileRef = 2D92AF3114AA22E6007819D7 /* main.m */; };
		2D92AF3614AA22E6007819D7 /* AppDelegate.m in Sources */ = {isa = PBXBuildFile; fileRef = 2D92AF3514AA22E6007819D7 /* AppDelegate.m */; };
		2D92AF3914AA22E6007819D7 /* ViewController.m in Sources */ = {isa = PBXBuildFile; fileRef = 2D92AF3814AA22E6007819D7 /* ViewController.m */; };
		2D92AF3C14AA22E6007819D7 /* ViewController.xib in Resources */ = {isa = PBXBuildFile; fileRef = 2D92AF3A14AA22E6007819D7 /* ViewController.xib */; };
		2D92AF4414AA22E6007819D7 /* SenTestingKit.framework in Frameworks */ = {isa = PBXBuildFile; fileRef = 2D92AF4314AA22E6007819D7 /* SenTestingKit.framework */; };
		2D92AF4514AA22E6007819D7 /* UIKit.framework in Frameworks */ = {isa = PBXBuildFile; fileRef = 2D92AF2514AA22E6007819D7 /* UIKit.framework */; };
		2D92AF4614AA22E6007819D7 /* Foundation.framework in Frameworks */ = {isa = PBXBuildFile; fileRef = 2D92AF2714AA22E6007819D7 /* Foundation.framework */; };
		2D92AF4E14AA22E6007819D7 /* InfoPlist.strings in Resources */ = {isa = PBXBuildFile; fileRef = 2D92AF4C14AA22E6007819D7 /* InfoPlist.strings */; };
		2D92AF5114AA22E6007819D7 /* StudyCouchDBTests.m in Sources */ = {isa = PBXBuildFile; fileRef = 2D92AF5014AA22E6007819D7 /* StudyCouchDBTests.m */; };
		2D92AF5D14AA2402007819D7 /* Security.framework in Frameworks */ = {isa = PBXBuildFile; fileRef = 2D92AF5C14AA2402007819D7 /* Security.framework */; };
		2D92AF5F14AA2410007819D7 /* libstdc++.dylib in Frameworks */ = {isa = PBXBuildFile; fileRef = 2D92AF5E14AA2410007819D7 /* libstdc++.dylib */; };
		2D92AF6114AA241D007819D7 /* libz.dylib in Frameworks */ = {isa = PBXBuildFile; fileRef = 2D92AF6014AA241D007819D7 /* libz.dylib */; };
		2D9C2EB214D965E500956FA1 /* LocationController.m in Sources */ = {isa = PBXBuildFile; fileRef = 2D9C2EB114D965E500956FA1 /* LocationController.m */; };
		2DA8E3A214BF117B009AB6A0 /* Couchbase.framework in Frameworks */ = {isa = PBXBuildFile; fileRef = 2DA8E3A114BF117B009AB6A0 /* Couchbase.framework */; };
		2DA8E3B014BF45F8009AB6A0 /* MapKit.framework in Frameworks */ = {isa = PBXBuildFile; fileRef = 2DA8E3AF14BF45F8009AB6A0 /* MapKit.framework */; };
		2DABB5A614D974F700988957 /* CoreLocation.framework in Frameworks */ = {isa = PBXBuildFile; fileRef = 2DABB5A514D974F700988957 /* CoreLocation.framework */; };
		AB39FAE114D4EE47005C7F70 /* Foundation-AddsOn.m in Sources */ = {isa = PBXBuildFile; fileRef = AB39FAE014D4EE47005C7F70 /* Foundation-AddsOn.m */; };
		AB39FAE914D509C9005C7F70 /* CouchbaseServerManager.m in Sources */ = {isa = PBXBuildFile; fileRef = AB39FAE814D509C9005C7F70 /* CouchbaseServerManager.m */; };
		AB49D8B814F229AF008B3B15 /* TraderAlikeView.xib in Resources */ = {isa = PBXBuildFile; fileRef = AB49D8B714F229AE008B3B15 /* TraderAlikeView.xib */; };
		AB49D8BC14F23A31008B3B15 /* TraderAlikeViewController.m in Sources */ = {isa = PBXBuildFile; fileRef = AB49D8BB14F23A30008B3B15 /* TraderAlikeViewController.m */; };
		AB49D92114F397F4008B3B15 /* SurveyCreationDashboardViewController.m in Sources */ = {isa = PBXBuildFile; fileRef = AB49D91F14F397F4008B3B15 /* SurveyCreationDashboardViewController.m */; };
		AB49D92214F397F4008B3B15 /* SurveyCreationDashboardViewController.xib in Resources */ = {isa = PBXBuildFile; fileRef = AB49D92014F397F4008B3B15 /* SurveyCreationDashboardViewController.xib */; };
		AB50B33914FDCD3100957F73 /* SurveyTemplate.m in Sources */ = {isa = PBXBuildFile; fileRef = AB50B33814FDCD3100957F73 /* SurveyTemplate.m */; };
		AB683F46150F1A4E0050CD71 /* OrganizationSlideView.m in Sources */ = {isa = PBXBuildFile; fileRef = AB683F45150F1A4E0050CD71 /* OrganizationSlideView.m */; };
		AB683F49150F1D760050CD71 /* OrganizationsPlaygroundViewController.m in Sources */ = {isa = PBXBuildFile; fileRef = AB683F48150F1D760050CD71 /* OrganizationsPlaygroundViewController.m */; };
		AB921248151AED110056043F /* SimpleNews.m in Sources */ = {isa = PBXBuildFile; fileRef = AB921247151AED110056043F /* SimpleNews.m */; };
		AB92124F151B0F9C0056043F /* DeputyNewsLinksViewController.m in Sources */ = {isa = PBXBuildFile; fileRef = AB92124E151B0F9A0056043F /* DeputyNewsLinksViewController.m */; };
		AB9FCC6614D7DBC100D11152 /* DeputyProfilePrototyping.xib in Resources */ = {isa = PBXBuildFile; fileRef = AB9FCC6514D7DBC100D11152 /* DeputyProfilePrototyping.xib */; };
		AB9FCC6A14D7DE1E00D11152 /* personal.png in Resources */ = {isa = PBXBuildFile; fileRef = AB9FCC6914D7DE1E00D11152 /* personal.png */; };
		ABE8784415214B16003652FD /* GenericPinAnnotationView.m in Sources */ = {isa = PBXBuildFile; fileRef = ABE8783B15214B16003652FD /* GenericPinAnnotationView.m */; };
		ABE8784515214B16003652FD /* LICENSE.html in Resources */ = {isa = PBXBuildFile; fileRef = ABE8783C15214B16003652FD /* LICENSE.html */; };
		ABE8784615214B16003652FD /* MultiRowAnnotation.m in Sources */ = {isa = PBXBuildFile; fileRef = ABE8783E15214B16003652FD /* MultiRowAnnotation.m */; };
		ABE8784715214B16003652FD /* MultiRowCalloutAnnotationView.m in Sources */ = {isa = PBXBuildFile; fileRef = ABE8784115214B16003652FD /* MultiRowCalloutAnnotationView.m */; };
		ABE8784815214B16003652FD /* MultiRowCalloutCell.m in Sources */ = {isa = PBXBuildFile; fileRef = ABE8784315214B16003652FD /* MultiRowCalloutCell.m */; };
		ABE8784C15214E64003652FD /* DemoStatisticsViewController.m in Sources */ = {isa = PBXBuildFile; fileRef = ABE8784B15214E63003652FD /* DemoStatisticsViewController.m */; };
		ABF55FFF14D5259600872408 /* CouchCocoa.framework in Frameworks */ = {isa = PBXBuildFile; fileRef = ABF55FFE14D5259600872408 /* CouchCocoa.framework */; };
		ABF5600814D533E400872408 /* switchBlueBg.png in Resources */ = {isa = PBXBuildFile; fileRef = ABF5600314D533E400872408 /* switchBlueBg.png */; };
		ABF5600914D533E400872408 /* switchOffPlain.png in Resources */ = {isa = PBXBuildFile; fileRef = ABF5600414D533E400872408 /* switchOffPlain.png */; };
		ABF5600A14D533E400872408 /* switchThumb.png in Resources */ = {isa = PBXBuildFile; fileRef = ABF5600514D533E400872408 /* switchThumb.png */; };
		ABF5600B14D533E400872408 /* UICustomSwitch.m in Sources */ = {isa = PBXBuildFile; fileRef = ABF5600714D533E400872408 /* UICustomSwitch.m */; };
		ABF5600D14D5455300872408 /* Roadmap_selfguided.txt in Resources */ = {isa = PBXBuildFile; fileRef = ABF5600C14D5455300872408 /* Roadmap_selfguided.txt */; };
		ABF5601014D61D7F00872408 /* DeputyAnnotation.m in Sources */ = {isa = PBXBuildFile; fileRef = ABF5600F14D61D7E00872408 /* DeputyAnnotation.m */; };
		ABF5601314D6202800872408 /* DeputyAnnotationView.m in Sources */ = {isa = PBXBuildFile; fileRef = ABF5601214D6202800872408 /* DeputyAnnotationView.m */; };
		ABF5601E14D62C5F00872408 /* female_current_elected.png in Resources */ = {isa = PBXBuildFile; fileRef = ABF5601614D62C5F00872408 /* female_current_elected.png */; };
		ABF5601F14D62C5F00872408 /* female_current_nominee.png in Resources */ = {isa = PBXBuildFile; fileRef = ABF5601714D62C5F00872408 /* female_current_nominee.png */; };
		ABF5602014D62C5F00872408 /* female_previous_elected.png in Resources */ = {isa = PBXBuildFile; fileRef = ABF5601814D62C5F00872408 /* female_previous_elected.png */; };
		ABF5602114D62C5F00872408 /* female_previous_nominee.png in Resources */ = {isa = PBXBuildFile; fileRef = ABF5601914D62C5F00872408 /* female_previous_nominee.png */; };
		ABF5602214D62C5F00872408 /* male_current_elected.png in Resources */ = {isa = PBXBuildFile; fileRef = ABF5601A14D62C5F00872408 /* male_current_elected.png */; };
		ABF5602314D62C5F00872408 /* male_current_nominee.png in Resources */ = {isa = PBXBuildFile; fileRef = ABF5601B14D62C5F00872408 /* male_current_nominee.png */; };
		ABF5602414D62C5F00872408 /* male_previous_elected.png in Resources */ = {isa = PBXBuildFile; fileRef = ABF5601C14D62C5F00872408 /* male_previous_elected.png */; };
		ABF5602514D62C5F00872408 /* male_previous_nominee.png in Resources */ = {isa = PBXBuildFile; fileRef = ABF5601D14D62C5F00872408 /* male_previous_nominee.png */; };
		ABF5603E14D77D3C00872408 /* DeputyProfileViewController.m in Sources */ = {isa = PBXBuildFile; fileRef = ABF5603D14D77D3A00872408 /* DeputyProfileViewController.m */; };
		ABFC501A14CA3DA200BA484B /* MapViewController.m in Sources */ = {isa = PBXBuildFile; fileRef = ABFC501614CA3DA200BA484B /* MapViewController.m */; };
		ABFC501B14CA3DA200BA484B /* MeshableTablesViewController.m in Sources */ = {isa = PBXBuildFile; fileRef = ABFC501814CA3DA200BA484B /* MeshableTablesViewController.m */; };
		ABFC501E14CA3DB100BA484B /* UIFactory.m in Sources */ = {isa = PBXBuildFile; fileRef = ABFC501C14CA3DB100BA484B /* UIFactory.m */; };
		ABFC503714CA92DB00BA484B /* AddNewDeputyViewController.m in Sources */ = {isa = PBXBuildFile; fileRef = ABFC503214CA92DB00BA484B /* AddNewDeputyViewController.m */; };
		ABFC503814CA92DB00BA484B /* CountyDeputyMapViewController.m in Sources */ = {isa = PBXBuildFile; fileRef = ABFC503414CA92DB00BA484B /* CountyDeputyMapViewController.m */; };
		ABFC503914CA92DB00BA484B /* DeputyAreaPickerController.m in Sources */ = {isa = PBXBuildFile; fileRef = ABFC503614CA92DB00BA484B /* DeputyAreaPickerController.m */; };
		ABFC503C14CAB0DC00BA484B /* CommonDataUtil.m in Sources */ = {isa = PBXBuildFile; fileRef = ABFC503B14CAB0DC00BA484B /* CommonDataUtil.m */; };
/* End PBXBuildFile section */

/* Begin PBXContainerItemProxy section */
		2D92AF4714AA22E6007819D7 /* PBXContainerItemProxy */ = {
			isa = PBXContainerItemProxy;
			containerPortal = 2D92AF1814AA22E6007819D7 /* Project object */;
			proxyType = 1;
			remoteGlobalIDString = 2D92AF2014AA22E6007819D7;
			remoteInfo = StudyCouchDB;
		};
/* End PBXContainerItemProxy section */

/* Begin PBXFileReference section */
		2D8A0F75150CFAF3002348D9 /* Steps */ = {isa = PBXFileReference; fileEncoding = 4; lastKnownFileType = text; name = Steps; path = experimentals/NewsHacking/Steps; sourceTree = "<group>"; };
		2D8A0F77150CFF40002348D9 /* NewsRetriever.h */ = {isa = PBXFileReference; fileEncoding = 4; lastKnownFileType = sourcecode.c.h; name = NewsRetriever.h; path = experimentals/NewsHacking/NewsRetriever.h; sourceTree = "<group>"; };
		2D8A0F78150CFF40002348D9 /* NewsRetriever.m */ = {isa = PBXFileReference; fileEncoding = 4; lastKnownFileType = sourcecode.c.objc; name = NewsRetriever.m; path = experimentals/NewsHacking/NewsRetriever.m; sourceTree = "<group>"; };
		2D8A0F7C150D040E002348D9 /* ProfileSlideCardView.h */ = {isa = PBXFileReference; fileEncoding = 4; lastKnownFileType = sourcecode.c.h; name = ProfileSlideCardView.h; path = experimentals/NewsHacking/ProfileSlideCardView.h; sourceTree = "<group>"; };
		2D8A0F7D150D040E002348D9 /* ProfileSlideCardView.m */ = {isa = PBXFileReference; fileEncoding = 4; lastKnownFileType = sourcecode.c.objc; name = ProfileSlideCardView.m; path = experimentals/NewsHacking/ProfileSlideCardView.m; sourceTree = "<group>"; };
		2D92AF2114AA22E6007819D7 /* StudyCouchDB.app */ = {isa = PBXFileReference; explicitFileType = wrapper.application; includeInIndex = 0; path = StudyCouchDB.app; sourceTree = BUILT_PRODUCTS_DIR; };
		2D92AF2514AA22E6007819D7 /* UIKit.framework */ = {isa = PBXFileReference; lastKnownFileType = wrapper.framework; name = UIKit.framework; path = System/Library/Frameworks/UIKit.framework; sourceTree = SDKROOT; };
		2D92AF2714AA22E6007819D7 /* Foundation.framework */ = {isa = PBXFileReference; lastKnownFileType = wrapper.framework; name = Foundation.framework; path = System/Library/Frameworks/Foundation.framework; sourceTree = SDKROOT; };
		2D92AF2914AA22E6007819D7 /* CoreGraphics.framework */ = {isa = PBXFileReference; lastKnownFileType = wrapper.framework; name = CoreGraphics.framework; path = System/Library/Frameworks/CoreGraphics.framework; sourceTree = SDKROOT; };
		2D92AF2D14AA22E6007819D7 /* StudyCouchDB-Info.plist */ = {isa = PBXFileReference; lastKnownFileType = text.plist.xml; path = "StudyCouchDB-Info.plist"; sourceTree = "<group>"; };
		2D92AF2F14AA22E6007819D7 /* en */ = {isa = PBXFileReference; lastKnownFileType = text.plist.strings; name = en; path = en.lproj/InfoPlist.strings; sourceTree = "<group>"; };
		2D92AF3114AA22E6007819D7 /* main.m */ = {isa = PBXFileReference; lastKnownFileType = sourcecode.c.objc; path = main.m; sourceTree = "<group>"; };
		2D92AF3314AA22E6007819D7 /* StudyCouchDB-Prefix.pch */ = {isa = PBXFileReference; lastKnownFileType = sourcecode.c.h; path = "StudyCouchDB-Prefix.pch"; sourceTree = "<group>"; };
		2D92AF3414AA22E6007819D7 /* AppDelegate.h */ = {isa = PBXFileReference; lastKnownFileType = sourcecode.c.h; path = AppDelegate.h; sourceTree = "<group>"; };
		2D92AF3514AA22E6007819D7 /* AppDelegate.m */ = {isa = PBXFileReference; lastKnownFileType = sourcecode.c.objc; path = AppDelegate.m; sourceTree = "<group>"; };
		2D92AF3714AA22E6007819D7 /* ViewController.h */ = {isa = PBXFileReference; lastKnownFileType = sourcecode.c.h; path = ViewController.h; sourceTree = "<group>"; };
		2D92AF3814AA22E6007819D7 /* ViewController.m */ = {isa = PBXFileReference; lastKnownFileType = sourcecode.c.objc; path = ViewController.m; sourceTree = "<group>"; };
		2D92AF3B14AA22E6007819D7 /* en */ = {isa = PBXFileReference; lastKnownFileType = file.xib; name = en; path = en.lproj/ViewController.xib; sourceTree = "<group>"; };
		2D92AF4214AA22E6007819D7 /* StudyCouchDBTests.octest */ = {isa = PBXFileReference; explicitFileType = wrapper.cfbundle; includeInIndex = 0; path = StudyCouchDBTests.octest; sourceTree = BUILT_PRODUCTS_DIR; };
		2D92AF4314AA22E6007819D7 /* SenTestingKit.framework */ = {isa = PBXFileReference; lastKnownFileType = wrapper.framework; name = SenTestingKit.framework; path = Library/Frameworks/SenTestingKit.framework; sourceTree = DEVELOPER_DIR; };
		2D92AF4B14AA22E6007819D7 /* StudyCouchDBTests-Info.plist */ = {isa = PBXFileReference; lastKnownFileType = text.plist.xml; path = "StudyCouchDBTests-Info.plist"; sourceTree = "<group>"; };
		2D92AF4D14AA22E6007819D7 /* en */ = {isa = PBXFileReference; lastKnownFileType = text.plist.strings; name = en; path = en.lproj/InfoPlist.strings; sourceTree = "<group>"; };
		2D92AF4F14AA22E6007819D7 /* StudyCouchDBTests.h */ = {isa = PBXFileReference; lastKnownFileType = sourcecode.c.h; path = StudyCouchDBTests.h; sourceTree = "<group>"; };
		2D92AF5014AA22E6007819D7 /* StudyCouchDBTests.m */ = {isa = PBXFileReference; lastKnownFileType = sourcecode.c.objc; path = StudyCouchDBTests.m; sourceTree = "<group>"; };
		2D92AF5C14AA2402007819D7 /* Security.framework */ = {isa = PBXFileReference; lastKnownFileType = wrapper.framework; name = Security.framework; path = System/Library/Frameworks/Security.framework; sourceTree = SDKROOT; };
		2D92AF5E14AA2410007819D7 /* libstdc++.dylib */ = {isa = PBXFileReference; lastKnownFileType = "compiled.mach-o.dylib"; name = "libstdc++.dylib"; path = "usr/lib/libstdc++.dylib"; sourceTree = SDKROOT; };
		2D92AF6014AA241D007819D7 /* libz.dylib */ = {isa = PBXFileReference; lastKnownFileType = "compiled.mach-o.dylib"; name = libz.dylib; path = usr/lib/libz.dylib; sourceTree = SDKROOT; };
		2D9C2EB014D965E500956FA1 /* LocationController.h */ = {isa = PBXFileReference; fileEncoding = 4; lastKnownFileType = sourcecode.c.h; name = LocationController.h; path = commons/LocationController.h; sourceTree = "<group>"; };
		2D9C2EB114D965E500956FA1 /* LocationController.m */ = {isa = PBXFileReference; fileEncoding = 4; lastKnownFileType = sourcecode.c.objc; name = LocationController.m; path = commons/LocationController.m; sourceTree = "<group>"; };
		2DA8E3A114BF117B009AB6A0 /* Couchbase.framework */ = {isa = PBXFileReference; lastKnownFileType = wrapper.framework; name = Couchbase.framework; path = Frameworks/Couchbase.framework; sourceTree = "<group>"; };
		2DA8E3AF14BF45F8009AB6A0 /* MapKit.framework */ = {isa = PBXFileReference; lastKnownFileType = wrapper.framework; name = MapKit.framework; path = System/Library/Frameworks/MapKit.framework; sourceTree = SDKROOT; };
		2DABB5A514D974F700988957 /* CoreLocation.framework */ = {isa = PBXFileReference; lastKnownFileType = wrapper.framework; name = CoreLocation.framework; path = System/Library/Frameworks/CoreLocation.framework; sourceTree = SDKROOT; };
		AB39FADF14D4EE47005C7F70 /* Foundation-AddsOn.h */ = {isa = PBXFileReference; fileEncoding = 4; lastKnownFileType = sourcecode.c.h; name = "Foundation-AddsOn.h"; path = "commons/Foundation-AddsOn.h"; sourceTree = "<group>"; };
		AB39FAE014D4EE47005C7F70 /* Foundation-AddsOn.m */ = {isa = PBXFileReference; fileEncoding = 4; lastKnownFileType = sourcecode.c.objc; name = "Foundation-AddsOn.m"; path = "commons/Foundation-AddsOn.m"; sourceTree = "<group>"; };
		AB39FAE714D509C9005C7F70 /* CouchbaseServerManager.h */ = {isa = PBXFileReference; fileEncoding = 4; lastKnownFileType = sourcecode.c.h; name = CouchbaseServerManager.h; path = commons/CouchbaseServerManager.h; sourceTree = "<group>"; };
		AB39FAE814D509C9005C7F70 /* CouchbaseServerManager.m */ = {isa = PBXFileReference; fileEncoding = 4; lastKnownFileType = sourcecode.c.objc; name = CouchbaseServerManager.m; path = commons/CouchbaseServerManager.m; sourceTree = "<group>"; };
		AB49D8B714F229AE008B3B15 /* TraderAlikeView.xib */ = {isa = PBXFileReference; fileEncoding = 4; lastKnownFileType = file.xib; path = TraderAlikeView.xib; sourceTree = "<group>"; };
		AB49D8BA14F23A2E008B3B15 /* TraderAlikeViewController.h */ = {isa = PBXFileReference; fileEncoding = 4; lastKnownFileType = sourcecode.c.h; name = TraderAlikeViewController.h; path = experimentals/TraderAlikeViewController.h; sourceTree = "<group>"; };
		AB49D8BB14F23A30008B3B15 /* TraderAlikeViewController.m */ = {isa = PBXFileReference; fileEncoding = 4; lastKnownFileType = sourcecode.c.objc; name = TraderAlikeViewController.m; path = experimentals/TraderAlikeViewController.m; sourceTree = "<group>"; };
		AB49D91E14F397F4008B3B15 /* SurveyCreationDashboardViewController.h */ = {isa = PBXFileReference; fileEncoding = 4; lastKnownFileType = sourcecode.c.h; name = SurveyCreationDashboardViewController.h; path = experimentals/SurveyCreator/SurveyCreationDashboardViewController.h; sourceTree = "<group>"; };
		AB49D91F14F397F4008B3B15 /* SurveyCreationDashboardViewController.m */ = {isa = PBXFileReference; fileEncoding = 4; lastKnownFileType = sourcecode.c.objc; name = SurveyCreationDashboardViewController.m; path = experimentals/SurveyCreator/SurveyCreationDashboardViewController.m; sourceTree = "<group>"; };
		AB49D92014F397F4008B3B15 /* SurveyCreationDashboardViewController.xib */ = {isa = PBXFileReference; fileEncoding = 4; lastKnownFileType = file.xib; name = SurveyCreationDashboardViewController.xib; path = experimentals/SurveyCreator/SurveyCreationDashboardViewController.xib; sourceTree = "<group>"; };
		AB50B33714FDCD3100957F73 /* SurveyTemplate.h */ = {isa = PBXFileReference; fileEncoding = 4; lastKnownFileType = sourcecode.c.h; name = SurveyTemplate.h; path = experimentals/SurveyCreator/SurveyTemplate.h; sourceTree = "<group>"; };
		AB50B33814FDCD3100957F73 /* SurveyTemplate.m */ = {isa = PBXFileReference; fileEncoding = 4; lastKnownFileType = sourcecode.c.objc; name = SurveyTemplate.m; path = experimentals/SurveyCreator/SurveyTemplate.m; sourceTree = "<group>"; };
		AB683F44150F1A4E0050CD71 /* OrganizationSlideView.h */ = {isa = PBXFileReference; fileEncoding = 4; lastKnownFileType = sourcecode.c.h; name = OrganizationSlideView.h; path = experimentals/Organizations/OrganizationSlideView.h; sourceTree = "<group>"; };
		AB683F45150F1A4E0050CD71 /* OrganizationSlideView.m */ = {isa = PBXFileReference; fileEncoding = 4; lastKnownFileType = sourcecode.c.objc; name = OrganizationSlideView.m; path = experimentals/Organizations/OrganizationSlideView.m; sourceTree = "<group>"; };
		AB683F47150F1D760050CD71 /* OrganizationsPlaygroundViewController.h */ = {isa = PBXFileReference; fileEncoding = 4; lastKnownFileType = sourcecode.c.h; name = OrganizationsPlaygroundViewController.h; path = experimentals/Organizations/OrganizationsPlaygroundViewController.h; sourceTree = "<group>"; };
		AB683F48150F1D760050CD71 /* OrganizationsPlaygroundViewController.m */ = {isa = PBXFileReference; fileEncoding = 4; lastKnownFileType = sourcecode.c.objc; name = OrganizationsPlaygroundViewController.m; path = experimentals/Organizations/OrganizationsPlaygroundViewController.m; sourceTree = "<group>"; };
		AB921246151AED110056043F /* SimpleNews.h */ = {isa = PBXFileReference; fileEncoding = 4; lastKnownFileType = sourcecode.c.h; name = SimpleNews.h; path = Models/SimpleNews.h; sourceTree = "<group>"; };
		AB921247151AED110056043F /* SimpleNews.m */ = {isa = PBXFileReference; fileEncoding = 4; lastKnownFileType = sourcecode.c.objc; name = SimpleNews.m; path = Models/SimpleNews.m; sourceTree = "<group>"; };
		AB92124D151B0F990056043F /* DeputyNewsLinksViewController.h */ = {isa = PBXFileReference; fileEncoding = 4; lastKnownFileType = sourcecode.c.h; name = DeputyNewsLinksViewController.h; path = VCs/DeputyNewsLinksViewController.h; sourceTree = "<group>"; };
		AB92124E151B0F9A0056043F /* DeputyNewsLinksViewController.m */ = {isa = PBXFileReference; fileEncoding = 4; lastKnownFileType = sourcecode.c.objc; name = DeputyNewsLinksViewController.m; path = VCs/DeputyNewsLinksViewController.m; sourceTree = "<group>"; };
		AB9FCC6514D7DBC100D11152 /* DeputyProfilePrototyping.xib */ = {isa = PBXFileReference; fileEncoding = 4; lastKnownFileType = file.xib; name = DeputyProfilePrototyping.xib; path = experimentals/DeputyProfilePrototyping.xib; sourceTree = "<group>"; };
		AB9FCC6914D7DE1E00D11152 /* personal.png */ = {isa = PBXFileReference; lastKnownFileType = image.png; name = personal.png; path = Resources/prototyping/personal.png; sourceTree = "<group>"; };
		ABE8783A15214B16003652FD /* GenericPinAnnotationView.h */ = {isa = PBXFileReference; fileEncoding = 4; lastKnownFileType = sourcecode.c.h; path = GenericPinAnnotationView.h; sourceTree = "<group>"; };
		ABE8783B15214B16003652FD /* GenericPinAnnotationView.m */ = {isa = PBXFileReference; fileEncoding = 4; lastKnownFileType = sourcecode.c.objc; path = GenericPinAnnotationView.m; sourceTree = "<group>"; };
		ABE8783C15214B16003652FD /* LICENSE.html */ = {isa = PBXFileReference; fileEncoding = 4; lastKnownFileType = text.html; path = LICENSE.html; sourceTree = "<group>"; };
		ABE8783D15214B16003652FD /* MultiRowAnnotation.h */ = {isa = PBXFileReference; fileEncoding = 4; lastKnownFileType = sourcecode.c.h; path = MultiRowAnnotation.h; sourceTree = "<group>"; };
		ABE8783E15214B16003652FD /* MultiRowAnnotation.m */ = {isa = PBXFileReference; fileEncoding = 4; lastKnownFileType = sourcecode.c.objc; path = MultiRowAnnotation.m; sourceTree = "<group>"; };
		ABE8783F15214B16003652FD /* MultiRowAnnotationProtocol.h */ = {isa = PBXFileReference; fileEncoding = 4; lastKnownFileType = sourcecode.c.h; path = MultiRowAnnotationProtocol.h; sourceTree = "<group>"; };
		ABE8784015214B16003652FD /* MultiRowCalloutAnnotationView.h */ = {isa = PBXFileReference; fileEncoding = 4; lastKnownFileType = sourcecode.c.h; path = MultiRowCalloutAnnotationView.h; sourceTree = "<group>"; };
		ABE8784115214B16003652FD /* MultiRowCalloutAnnotationView.m */ = {isa = PBXFileReference; fileEncoding = 4; lastKnownFileType = sourcecode.c.objc; path = MultiRowCalloutAnnotationView.m; sourceTree = "<group>"; };
		ABE8784215214B16003652FD /* MultiRowCalloutCell.h */ = {isa = PBXFileReference; fileEncoding = 4; lastKnownFileType = sourcecode.c.h; path = MultiRowCalloutCell.h; sourceTree = "<group>"; };
		ABE8784315214B16003652FD /* MultiRowCalloutCell.m */ = {isa = PBXFileReference; fileEncoding = 4; lastKnownFileType = sourcecode.c.objc; path = MultiRowCalloutCell.m; sourceTree = "<group>"; };
		ABE8784A15214E62003652FD /* DemoStatisticsViewController.h */ = {isa = PBXFileReference; fileEncoding = 4; lastKnownFileType = sourcecode.c.h; name = DemoStatisticsViewController.h; path = VCs/DemoStatisticsViewController.h; sourceTree = "<group>"; };
		ABE8784B15214E63003652FD /* DemoStatisticsViewController.m */ = {isa = PBXFileReference; fileEncoding = 4; lastKnownFileType = sourcecode.c.objc; name = DemoStatisticsViewController.m; path = VCs/DemoStatisticsViewController.m; sourceTree = "<group>"; };
		ABF55FFE14D5259600872408 /* CouchCocoa.framework */ = {isa = PBXFileReference; lastKnownFileType = wrapper.framework; name = CouchCocoa.framework; path = Frameworks/CouchCocoa.framework; sourceTree = "<group>"; };
		ABF5600314D533E400872408 /* switchBlueBg.png */ = {isa = PBXFileReference; lastKnownFileType = image.png; name = switchBlueBg.png; path = libraries/UICustomSwitch/switchBlueBg.png; sourceTree = "<group>"; };
		ABF5600414D533E400872408 /* switchOffPlain.png */ = {isa = PBXFileReference; lastKnownFileType = image.png; name = switchOffPlain.png; path = libraries/UICustomSwitch/switchOffPlain.png; sourceTree = "<group>"; };
		ABF5600514D533E400872408 /* switchThumb.png */ = {isa = PBXFileReference; lastKnownFileType = image.png; name = switchThumb.png; path = libraries/UICustomSwitch/switchThumb.png; sourceTree = "<group>"; };
		ABF5600614D533E400872408 /* UICustomSwitch.h */ = {isa = PBXFileReference; fileEncoding = 4; lastKnownFileType = sourcecode.c.h; name = UICustomSwitch.h; path = libraries/UICustomSwitch/UICustomSwitch.h; sourceTree = "<group>"; };
		ABF5600714D533E400872408 /* UICustomSwitch.m */ = {isa = PBXFileReference; fileEncoding = 4; lastKnownFileType = sourcecode.c.objc; name = UICustomSwitch.m; path = libraries/UICustomSwitch/UICustomSwitch.m; sourceTree = "<group>"; };
		ABF5600C14D5455300872408 /* Roadmap_selfguided.txt */ = {isa = PBXFileReference; fileEncoding = 4; lastKnownFileType = text; path = Roadmap_selfguided.txt; sourceTree = "<group>"; };
		ABF5600E14D61D7E00872408 /* DeputyAnnotation.h */ = {isa = PBXFileReference; fileEncoding = 4; lastKnownFileType = sourcecode.c.h; name = DeputyAnnotation.h; path = VCs/DeputyAnnotation.h; sourceTree = "<group>"; };
		ABF5600F14D61D7E00872408 /* DeputyAnnotation.m */ = {isa = PBXFileReference; fileEncoding = 4; lastKnownFileType = sourcecode.c.objc; name = DeputyAnnotation.m; path = VCs/DeputyAnnotation.m; sourceTree = "<group>"; };
		ABF5601114D6202700872408 /* DeputyAnnotationView.h */ = {isa = PBXFileReference; fileEncoding = 4; lastKnownFileType = sourcecode.c.h; name = DeputyAnnotationView.h; path = VCs/DeputyAnnotationView.h; sourceTree = "<group>"; };
		ABF5601214D6202800872408 /* DeputyAnnotationView.m */ = {isa = PBXFileReference; fileEncoding = 4; lastKnownFileType = sourcecode.c.objc; name = DeputyAnnotationView.m; path = VCs/DeputyAnnotationView.m; sourceTree = "<group>"; };
		ABF5601614D62C5F00872408 /* female_current_elected.png */ = {isa = PBXFileReference; lastKnownFileType = image.png; name = female_current_elected.png; path = Resources/deputies/female_current_elected.png; sourceTree = "<group>"; };
		ABF5601714D62C5F00872408 /* female_current_nominee.png */ = {isa = PBXFileReference; lastKnownFileType = image.png; name = female_current_nominee.png; path = Resources/deputies/female_current_nominee.png; sourceTree = "<group>"; };
		ABF5601814D62C5F00872408 /* female_previous_elected.png */ = {isa = PBXFileReference; lastKnownFileType = image.png; name = female_previous_elected.png; path = Resources/deputies/female_previous_elected.png; sourceTree = "<group>"; };
		ABF5601914D62C5F00872408 /* female_previous_nominee.png */ = {isa = PBXFileReference; lastKnownFileType = image.png; name = female_previous_nominee.png; path = Resources/deputies/female_previous_nominee.png; sourceTree = "<group>"; };
		ABF5601A14D62C5F00872408 /* male_current_elected.png */ = {isa = PBXFileReference; lastKnownFileType = image.png; name = male_current_elected.png; path = Resources/deputies/male_current_elected.png; sourceTree = "<group>"; };
		ABF5601B14D62C5F00872408 /* male_current_nominee.png */ = {isa = PBXFileReference; lastKnownFileType = image.png; name = male_current_nominee.png; path = Resources/deputies/male_current_nominee.png; sourceTree = "<group>"; };
		ABF5601C14D62C5F00872408 /* male_previous_elected.png */ = {isa = PBXFileReference; lastKnownFileType = image.png; name = male_previous_elected.png; path = Resources/deputies/male_previous_elected.png; sourceTree = "<group>"; };
		ABF5601D14D62C5F00872408 /* male_previous_nominee.png */ = {isa = PBXFileReference; lastKnownFileType = image.png; name = male_previous_nominee.png; path = Resources/deputies/male_previous_nominee.png; sourceTree = "<group>"; };
		ABF5603C14D77D3900872408 /* DeputyProfileViewController.h */ = {isa = PBXFileReference; fileEncoding = 4; lastKnownFileType = sourcecode.c.h; name = DeputyProfileViewController.h; path = VCs/DeputyProfileViewController.h; sourceTree = "<group>"; };
		ABF5603D14D77D3A00872408 /* DeputyProfileViewController.m */ = {isa = PBXFileReference; fileEncoding = 4; lastKnownFileType = sourcecode.c.objc; name = DeputyProfileViewController.m; path = VCs/DeputyProfileViewController.m; sourceTree = "<group>"; };
		ABFC501614CA3DA200BA484B /* MapViewController.m */ = {isa = PBXFileReference; fileEncoding = 4; lastKnownFileType = sourcecode.c.objc; name = MapViewController.m; path = experimentals/MapViewController.m; sourceTree = "<group>"; };
		ABFC501714CA3DA200BA484B /* MapViewController.h */ = {isa = PBXFileReference; fileEncoding = 4; lastKnownFileType = sourcecode.c.h; name = MapViewController.h; path = experimentals/MapViewController.h; sourceTree = "<group>"; };
		ABFC501814CA3DA200BA484B /* MeshableTablesViewController.m */ = {isa = PBXFileReference; fileEncoding = 4; lastKnownFileType = sourcecode.c.objc; name = MeshableTablesViewController.m; path = experimentals/MeshableTablesViewController.m; sourceTree = "<group>"; };
		ABFC501914CA3DA200BA484B /* MeshableTablesViewController.h */ = {isa = PBXFileReference; fileEncoding = 4; lastKnownFileType = sourcecode.c.h; name = MeshableTablesViewController.h; path = experimentals/MeshableTablesViewController.h; sourceTree = "<group>"; };
		ABFC501C14CA3DB100BA484B /* UIFactory.m */ = {isa = PBXFileReference; fileEncoding = 4; lastKnownFileType = sourcecode.c.objc; name = UIFactory.m; path = commons/UIFactory.m; sourceTree = "<group>"; };
		ABFC501D14CA3DB100BA484B /* UIFactory.h */ = {isa = PBXFileReference; fileEncoding = 4; lastKnownFileType = sourcecode.c.h; name = UIFactory.h; path = commons/UIFactory.h; sourceTree = "<group>"; };
		ABFC503114CA92DB00BA484B /* AddNewDeputyViewController.h */ = {isa = PBXFileReference; fileEncoding = 4; lastKnownFileType = sourcecode.c.h; name = AddNewDeputyViewController.h; path = VCs/AddNewDeputyViewController.h; sourceTree = "<group>"; };
		ABFC503214CA92DB00BA484B /* AddNewDeputyViewController.m */ = {isa = PBXFileReference; fileEncoding = 4; lastKnownFileType = sourcecode.c.objc; name = AddNewDeputyViewController.m; path = VCs/AddNewDeputyViewController.m; sourceTree = "<group>"; };
		ABFC503314CA92DB00BA484B /* CountyDeputyMapViewController.h */ = {isa = PBXFileReference; fileEncoding = 4; lastKnownFileType = sourcecode.c.h; name = CountyDeputyMapViewController.h; path = VCs/CountyDeputyMapViewController.h; sourceTree = "<group>"; };
		ABFC503414CA92DB00BA484B /* CountyDeputyMapViewController.m */ = {isa = PBXFileReference; fileEncoding = 4; lastKnownFileType = sourcecode.c.objc; name = CountyDeputyMapViewController.m; path = VCs/CountyDeputyMapViewController.m; sourceTree = "<group>"; };
		ABFC503514CA92DB00BA484B /* DeputyAreaPickerController.h */ = {isa = PBXFileReference; fileEncoding = 4; lastKnownFileType = sourcecode.c.h; name = DeputyAreaPickerController.h; path = VCs/DeputyAreaPickerController.h; sourceTree = "<group>"; };
		ABFC503614CA92DB00BA484B /* DeputyAreaPickerController.m */ = {isa = PBXFileReference; fileEncoding = 4; lastKnownFileType = sourcecode.c.objc; name = DeputyAreaPickerController.m; path = VCs/DeputyAreaPickerController.m; sourceTree = "<group>"; };
		ABFC503A14CAB0DB00BA484B /* CommonDataUtil.h */ = {isa = PBXFileReference; fileEncoding = 4; lastKnownFileType = sourcecode.c.h; name = CommonDataUtil.h; path = commons/CommonDataUtil.h; sourceTree = "<group>"; };
		ABFC503B14CAB0DC00BA484B /* CommonDataUtil.m */ = {isa = PBXFileReference; fileEncoding = 4; lastKnownFileType = sourcecode.c.objc; name = CommonDataUtil.m; path = commons/CommonDataUtil.m; sourceTree = "<group>"; };
/* End PBXFileReference section */

/* Begin PBXFrameworksBuildPhase section */
		2D92AF1E14AA22E6007819D7 /* Frameworks */ = {
			isa = PBXFrameworksBuildPhase;
			buildActionMask = 2147483647;
			files = (
				2DABB5A614D974F700988957 /* CoreLocation.framework in Frameworks */,
				2DA8E3B014BF45F8009AB6A0 /* MapKit.framework in Frameworks */,
				2D92AF6114AA241D007819D7 /* libz.dylib in Frameworks */,
				2D92AF5F14AA2410007819D7 /* libstdc++.dylib in Frameworks */,
				2D92AF5D14AA2402007819D7 /* Security.framework in Frameworks */,
				2D92AF2614AA22E6007819D7 /* UIKit.framework in Frameworks */,
				2D92AF2814AA22E6007819D7 /* Foundation.framework in Frameworks */,
				2D92AF2A14AA22E6007819D7 /* CoreGraphics.framework in Frameworks */,
				2DA8E3A214BF117B009AB6A0 /* Couchbase.framework in Frameworks */,
				ABF55FFF14D5259600872408 /* CouchCocoa.framework in Frameworks */,
			);
			runOnlyForDeploymentPostprocessing = 0;
		};
		2D92AF3E14AA22E6007819D7 /* Frameworks */ = {
			isa = PBXFrameworksBuildPhase;
			buildActionMask = 2147483647;
			files = (
				2D92AF4414AA22E6007819D7 /* SenTestingKit.framework in Frameworks */,
				2D92AF4514AA22E6007819D7 /* UIKit.framework in Frameworks */,
				2D92AF4614AA22E6007819D7 /* Foundation.framework in Frameworks */,
			);
			runOnlyForDeploymentPostprocessing = 0;
		};
/* End PBXFrameworksBuildPhase section */

/* Begin PBXGroup section */
		2D8A0F73150CFAAC002348D9 /* NewsHacking */ = {
			isa = PBXGroup;
			children = (
				2D8A0F75150CFAF3002348D9 /* Steps */,
				2D8A0F77150CFF40002348D9 /* NewsRetriever.h */,
				2D8A0F78150CFF40002348D9 /* NewsRetriever.m */,
				2D8A0F7C150D040E002348D9 /* ProfileSlideCardView.h */,
				2D8A0F7D150D040E002348D9 /* ProfileSlideCardView.m */,
			);
			name = NewsHacking;
			sourceTree = "<group>";
		};
		2D92AF1614AA22E6007819D7 = {
			isa = PBXGroup;
			children = (
				2DABB5A514D974F700988957 /* CoreLocation.framework */,
				2D92AF2B14AA22E6007819D7 /* StudyCouchDB */,
				2D92AF4914AA22E6007819D7 /* StudyCouchDBTests */,
				2D92AF2414AA22E6007819D7 /* Frameworks */,
				2D92AF6214AA2443007819D7 /* Libraries */,
				2D92AF2214AA22E6007819D7 /* Products */,
			);
			sourceTree = "<group>";
		};
		2D92AF2214AA22E6007819D7 /* Products */ = {
			isa = PBXGroup;
			children = (
				2D92AF2114AA22E6007819D7 /* StudyCouchDB.app */,
				2D92AF4214AA22E6007819D7 /* StudyCouchDBTests.octest */,
			);
			name = Products;
			sourceTree = "<group>";
		};
		2D92AF2414AA22E6007819D7 /* Frameworks */ = {
			isa = PBXGroup;
			children = (
				ABF55FFE14D5259600872408 /* CouchCocoa.framework */,
				2DA8E3AF14BF45F8009AB6A0 /* MapKit.framework */,
				2DA8E3A114BF117B009AB6A0 /* Couchbase.framework */,
				2D92AF5C14AA2402007819D7 /* Security.framework */,
				2D92AF2514AA22E6007819D7 /* UIKit.framework */,
				2D92AF2714AA22E6007819D7 /* Foundation.framework */,
				2D92AF2914AA22E6007819D7 /* CoreGraphics.framework */,
				2D92AF4314AA22E6007819D7 /* SenTestingKit.framework */,
			);
			name = Frameworks;
			sourceTree = "<group>";
		};
		2D92AF2B14AA22E6007819D7 /* StudyCouchDB */ = {
			isa = PBXGroup;
			children = (
				ABFC501514CA3D7300BA484B /* experimentals */,
				ABFC501414CA3D6600BA484B /* commons */,
				ABFC501314CA3D5200BA484B /* VCs */,
				AB921244151AE3130056043F /* Models */,
				ABF5600114D533B800872408 /* Libraries */,
				2D92AF3414AA22E6007819D7 /* AppDelegate.h */,
				2D92AF3514AA22E6007819D7 /* AppDelegate.m */,
				2D92AF3714AA22E6007819D7 /* ViewController.h */,
				2D92AF3814AA22E6007819D7 /* ViewController.m */,
				2D92AF3A14AA22E6007819D7 /* ViewController.xib */,
				2D92AF2C14AA22E6007819D7 /* Supporting Files */,
				ABF5601414D6281800872408 /* Resources */,
			);
			path = StudyCouchDB;
			sourceTree = "<group>";
		};
		2D92AF2C14AA22E6007819D7 /* Supporting Files */ = {
			isa = PBXGroup;
			children = (
				2D92AF2D14AA22E6007819D7 /* StudyCouchDB-Info.plist */,
				2D92AF2E14AA22E6007819D7 /* InfoPlist.strings */,
				2D92AF3114AA22E6007819D7 /* main.m */,
				2D92AF3314AA22E6007819D7 /* StudyCouchDB-Prefix.pch */,
				ABF5600C14D5455300872408 /* Roadmap_selfguided.txt */,
			);
			name = "Supporting Files";
			sourceTree = "<group>";
		};
		2D92AF4914AA22E6007819D7 /* StudyCouchDBTests */ = {
			isa = PBXGroup;
			children = (
				2D92AF4F14AA22E6007819D7 /* StudyCouchDBTests.h */,
				2D92AF5014AA22E6007819D7 /* StudyCouchDBTests.m */,
				2D92AF4A14AA22E6007819D7 /* Supporting Files */,
			);
			path = StudyCouchDBTests;
			sourceTree = "<group>";
		};
		2D92AF4A14AA22E6007819D7 /* Supporting Files */ = {
			isa = PBXGroup;
			children = (
				2D92AF4B14AA22E6007819D7 /* StudyCouchDBTests-Info.plist */,
				2D92AF4C14AA22E6007819D7 /* InfoPlist.strings */,
			);
			name = "Supporting Files";
			sourceTree = "<group>";
		};
		2D92AF6214AA2443007819D7 /* Libraries */ = {
			isa = PBXGroup;
			children = (
				2D92AF6014AA241D007819D7 /* libz.dylib */,
				2D92AF5E14AA2410007819D7 /* libstdc++.dylib */,
			);
			name = Libraries;
			path = StudyCouchDB;
			sourceTree = "<group>";
		};
		AB49D91D14F39754008B3B15 /* SurveyCreator */ = {
			isa = PBXGroup;
			children = (
				AB49D91E14F397F4008B3B15 /* SurveyCreationDashboardViewController.h */,
				AB49D91F14F397F4008B3B15 /* SurveyCreationDashboardViewController.m */,
				AB49D92014F397F4008B3B15 /* SurveyCreationDashboardViewController.xib */,
				AB50B33714FDCD3100957F73 /* SurveyTemplate.h */,
				AB50B33814FDCD3100957F73 /* SurveyTemplate.m */,
			);
			name = SurveyCreator;
			sourceTree = "<group>";
		};
		AB683F42150F19EE0050CD71 /* Organizations */ = {
			isa = PBXGroup;
			children = (
				AB683F44150F1A4E0050CD71 /* OrganizationSlideView.h */,
				AB683F45150F1A4E0050CD71 /* OrganizationSlideView.m */,
				AB683F47150F1D760050CD71 /* OrganizationsPlaygroundViewController.h */,
				AB683F48150F1D760050CD71 /* OrganizationsPlaygroundViewController.m */,
			);
			name = Organizations;
			sourceTree = "<group>";
		};
		AB921244151AE3130056043F /* Models */ = {
			isa = PBXGroup;
			children = (
				AB921246151AED110056043F /* SimpleNews.h */,
				AB921247151AED110056043F /* SimpleNews.m */,
			);
			name = Models;
			sourceTree = "<group>";
		};
		AB9FCC6814D7DDEA00D11152 /* prototypinig */ = {
			isa = PBXGroup;
			children = (
				AB9FCC6914D7DE1E00D11152 /* personal.png */,
			);
			name = prototypinig;
			sourceTree = "<group>";
		};
		ABE8783915214B16003652FD /* MultiRowCalloutAnnotationView */ = {
			isa = PBXGroup;
			children = (
				ABE8783A15214B16003652FD /* GenericPinAnnotationView.h */,
				ABE8783B15214B16003652FD /* GenericPinAnnotationView.m */,
				ABE8783C15214B16003652FD /* LICENSE.html */,
				ABE8783D15214B16003652FD /* MultiRowAnnotation.h */,
				ABE8783E15214B16003652FD /* MultiRowAnnotation.m */,
				ABE8783F15214B16003652FD /* MultiRowAnnotationProtocol.h */,
				ABE8784015214B16003652FD /* MultiRowCalloutAnnotationView.h */,
				ABE8784115214B16003652FD /* MultiRowCalloutAnnotationView.m */,
				ABE8784215214B16003652FD /* MultiRowCalloutCell.h */,
				ABE8784315214B16003652FD /* MultiRowCalloutCell.m */,
			);
			path = MultiRowCalloutAnnotationView;
			sourceTree = "<group>";
		};
		ABF5600114D533B800872408 /* Libraries */ = {
			isa = PBXGroup;
			children = (
				ABE8783915214B16003652FD /* MultiRowCalloutAnnotationView */,
				ABF5600214D533D200872408 /* UICustomSwitch */,
			);
			name = Libraries;
			sourceTree = "<group>";
		};
		ABF5600214D533D200872408 /* UICustomSwitch */ = {
			isa = PBXGroup;
			children = (
				ABF5600314D533E400872408 /* switchBlueBg.png */,
				ABF5600414D533E400872408 /* switchOffPlain.png */,
				ABF5600514D533E400872408 /* switchThumb.png */,
				ABF5600614D533E400872408 /* UICustomSwitch.h */,
				ABF5600714D533E400872408 /* UICustomSwitch.m */,
			);
			name = UICustomSwitch;
			sourceTree = "<group>";
		};
		ABF5601414D6281800872408 /* Resources */ = {
			isa = PBXGroup;
			children = (
				AB9FCC6814D7DDEA00D11152 /* prototypinig */,
				ABF5601514D62C4900872408 /* deputies */,
			);
			name = Resources;
			sourceTree = "<group>";
		};
		ABF5601514D62C4900872408 /* deputies */ = {
			isa = PBXGroup;
			children = (
				ABF5601614D62C5F00872408 /* female_current_elected.png */,
				ABF5601714D62C5F00872408 /* female_current_nominee.png */,
				ABF5601814D62C5F00872408 /* female_previous_elected.png */,
				ABF5601914D62C5F00872408 /* female_previous_nominee.png */,
				ABF5601A14D62C5F00872408 /* male_current_elected.png */,
				ABF5601B14D62C5F00872408 /* male_current_nominee.png */,
				ABF5601C14D62C5F00872408 /* male_previous_elected.png */,
				ABF5601D14D62C5F00872408 /* male_previous_nominee.png */,
			);
			name = deputies;
			sourceTree = "<group>";
		};
		ABFC501314CA3D5200BA484B /* VCs */ = {
			isa = PBXGroup;
			children = (
				ABFC503114CA92DB00BA484B /* AddNewDeputyViewController.h */,
				ABFC503214CA92DB00BA484B /* AddNewDeputyViewController.m */,
				ABFC503314CA92DB00BA484B /* CountyDeputyMapViewController.h */,
				ABFC503414CA92DB00BA484B /* CountyDeputyMapViewController.m */,
				ABFC503514CA92DB00BA484B /* DeputyAreaPickerController.h */,
				ABFC503614CA92DB00BA484B /* DeputyAreaPickerController.m */,
				ABF5600E14D61D7E00872408 /* DeputyAnnotation.h */,
				ABF5600F14D61D7E00872408 /* DeputyAnnotation.m */,
				ABF5601114D6202700872408 /* DeputyAnnotationView.h */,
				ABF5601214D6202800872408 /* DeputyAnnotationView.m */,
				ABF5603C14D77D3900872408 /* DeputyProfileViewController.h */,
				ABF5603D14D77D3A00872408 /* DeputyProfileViewController.m */,
				AB92124D151B0F990056043F /* DeputyNewsLinksViewController.h */,
				AB92124E151B0F9A0056043F /* DeputyNewsLinksViewController.m */,
				ABE8784A15214E62003652FD /* DemoStatisticsViewController.h */,
				ABE8784B15214E63003652FD /* DemoStatisticsViewController.m */,
			);
			name = VCs;
			sourceTree = "<group>";
		};
		ABFC501414CA3D6600BA484B /* commons */ = {
			isa = PBXGroup;
			children = (
				ABFC501C14CA3DB100BA484B /* UIFactory.m */,
				ABFC501D14CA3DB100BA484B /* UIFactory.h */,
				ABFC503A14CAB0DB00BA484B /* CommonDataUtil.h */,
				ABFC503B14CAB0DC00BA484B /* CommonDataUtil.m */,
				AB39FADF14D4EE47005C7F70 /* Foundation-AddsOn.h */,
				AB39FAE014D4EE47005C7F70 /* Foundation-AddsOn.m */,
				AB39FAE714D509C9005C7F70 /* CouchbaseServerManager.h */,
				AB39FAE814D509C9005C7F70 /* CouchbaseServerManager.m */,
				2D9C2EB014D965E500956FA1 /* LocationController.h */,
				2D9C2EB114D965E500956FA1 /* LocationController.m */,
			);
			name = commons;
			sourceTree = "<group>";
		};
		ABFC501514CA3D7300BA484B /* experimentals */ = {
			isa = PBXGroup;
			children = (
				AB683F42150F19EE0050CD71 /* Organizations */,
				2D8A0F73150CFAAC002348D9 /* NewsHacking */,
				AB49D91D14F39754008B3B15 /* SurveyCreator */,
				ABFC501614CA3DA200BA484B /* MapViewController.m */,
				ABFC501714CA3DA200BA484B /* MapViewController.h */,
				ABFC501814CA3DA200BA484B /* MeshableTablesViewController.m */,
				ABFC501914CA3DA200BA484B /* MeshableTablesViewController.h */,
				AB9FCC6514D7DBC100D11152 /* DeputyProfilePrototyping.xib */,
				AB49D8B714F229AE008B3B15 /* TraderAlikeView.xib */,
				AB49D8BA14F23A2E008B3B15 /* TraderAlikeViewController.h */,
				AB49D8BB14F23A30008B3B15 /* TraderAlikeViewController.m */,
			);
			name = experimentals;
			sourceTree = "<group>";
		};
/* End PBXGroup section */

/* Begin PBXNativeTarget section */
		2D92AF2014AA22E6007819D7 /* StudyCouchDB */ = {
			isa = PBXNativeTarget;
			buildConfigurationList = 2D92AF5414AA22E6007819D7 /* Build configuration list for PBXNativeTarget "StudyCouchDB" */;
			buildPhases = (
				2D92AF1D14AA22E6007819D7 /* Sources */,
				2D92AF1E14AA22E6007819D7 /* Frameworks */,
				2D92AF1F14AA22E6007819D7 /* Resources */,
				2D92AF6314AA24CF007819D7 /* ShellScript */,
			);
			buildRules = (
			);
			dependencies = (
			);
			name = StudyCouchDB;
			productName = StudyCouchDB;
			productReference = 2D92AF2114AA22E6007819D7 /* StudyCouchDB.app */;
			productType = "com.apple.product-type.application";
		};
		2D92AF4114AA22E6007819D7 /* StudyCouchDBTests */ = {
			isa = PBXNativeTarget;
			buildConfigurationList = 2D92AF5714AA22E6007819D7 /* Build configuration list for PBXNativeTarget "StudyCouchDBTests" */;
			buildPhases = (
				2D92AF3D14AA22E6007819D7 /* Sources */,
				2D92AF3E14AA22E6007819D7 /* Frameworks */,
				2D92AF3F14AA22E6007819D7 /* Resources */,
				2D92AF4014AA22E6007819D7 /* ShellScript */,
			);
			buildRules = (
			);
			dependencies = (
				2D92AF4814AA22E6007819D7 /* PBXTargetDependency */,
			);
			name = StudyCouchDBTests;
			productName = StudyCouchDBTests;
			productReference = 2D92AF4214AA22E6007819D7 /* StudyCouchDBTests.octest */;
			productType = "com.apple.product-type.bundle";
		};
/* End PBXNativeTarget section */

/* Begin PBXProject section */
		2D92AF1814AA22E6007819D7 /* Project object */ = {
			isa = PBXProject;
			attributes = {
				LastUpgradeCheck = 0420;
			};
			buildConfigurationList = 2D92AF1B14AA22E6007819D7 /* Build configuration list for PBXProject "StudyCouchDB" */;
			compatibilityVersion = "Xcode 3.2";
			developmentRegion = English;
			hasScannedForEncodings = 0;
			knownRegions = (
				en,
			);
			mainGroup = 2D92AF1614AA22E6007819D7;
			productRefGroup = 2D92AF2214AA22E6007819D7 /* Products */;
			projectDirPath = "";
			projectRoot = "";
			targets = (
				2D92AF2014AA22E6007819D7 /* StudyCouchDB */,
				2D92AF4114AA22E6007819D7 /* StudyCouchDBTests */,
			);
		};
/* End PBXProject section */

/* Begin PBXResourcesBuildPhase section */
		2D92AF1F14AA22E6007819D7 /* Resources */ = {
			isa = PBXResourcesBuildPhase;
			buildActionMask = 2147483647;
			files = (
				2D92AF3014AA22E6007819D7 /* InfoPlist.strings in Resources */,
				2D92AF3C14AA22E6007819D7 /* ViewController.xib in Resources */,
				ABF5600814D533E400872408 /* switchBlueBg.png in Resources */,
				ABF5600914D533E400872408 /* switchOffPlain.png in Resources */,
				ABF5600A14D533E400872408 /* switchThumb.png in Resources */,
				ABF5600D14D5455300872408 /* Roadmap_selfguided.txt in Resources */,
				ABF5601E14D62C5F00872408 /* female_current_elected.png in Resources */,
				ABF5601F14D62C5F00872408 /* female_current_nominee.png in Resources */,
				ABF5602014D62C5F00872408 /* female_previous_elected.png in Resources */,
				ABF5602114D62C5F00872408 /* female_previous_nominee.png in Resources */,
				ABF5602214D62C5F00872408 /* male_current_elected.png in Resources */,
				ABF5602314D62C5F00872408 /* male_current_nominee.png in Resources */,
				ABF5602414D62C5F00872408 /* male_previous_elected.png in Resources */,
				ABF5602514D62C5F00872408 /* male_previous_nominee.png in Resources */,
				AB9FCC6614D7DBC100D11152 /* DeputyProfilePrototyping.xib in Resources */,
				AB9FCC6A14D7DE1E00D11152 /* personal.png in Resources */,
				AB49D8B814F229AF008B3B15 /* TraderAlikeView.xib in Resources */,
				AB49D92214F397F4008B3B15 /* SurveyCreationDashboardViewController.xib in Resources */,
				2D8A0F76150CFAF3002348D9 /* Steps in Resources */,
				ABE8784515214B16003652FD /* LICENSE.html in Resources */,
			);
			runOnlyForDeploymentPostprocessing = 0;
		};
		2D92AF3F14AA22E6007819D7 /* Resources */ = {
			isa = PBXResourcesBuildPhase;
			buildActionMask = 2147483647;
			files = (
				2D92AF4E14AA22E6007819D7 /* InfoPlist.strings in Resources */,
			);
			runOnlyForDeploymentPostprocessing = 0;
		};
/* End PBXResourcesBuildPhase section */

/* Begin PBXShellScriptBuildPhase section */
		2D92AF4014AA22E6007819D7 /* ShellScript */ = {
			isa = PBXShellScriptBuildPhase;
			buildActionMask = 2147483647;
			files = (
			);
			inputPaths = (
			);
			outputPaths = (
			);
			runOnlyForDeploymentPostprocessing = 0;
			shellPath = /bin/sh;
			shellScript = "# Run the unit tests in this test bundle.\n\"${SYSTEM_DEVELOPER_DIR}/Tools/RunUnitTests\"\n";
		};
		2D92AF6314AA24CF007819D7 /* ShellScript */ = {
			isa = PBXShellScriptBuildPhase;
			buildActionMask = 2147483647;
			files = (
			);
			inputPaths = (
			);
			outputPaths = (
			);
			runOnlyForDeploymentPostprocessing = 0;
			shellPath = /bin/sh;
			shellScript = "rsync -a \"${SRCROOT}/Frameworks/Couchbase.framework/CouchbaseResources\" \"${TARGET_BUILD_DIR}/${UNLOCALIZED_RESOURCES_FOLDER_PATH}\"";
		};
/* End PBXShellScriptBuildPhase section */

/* Begin PBXSourcesBuildPhase section */
		2D92AF1D14AA22E6007819D7 /* Sources */ = {
			isa = PBXSourcesBuildPhase;
			buildActionMask = 2147483647;
			files = (
				2D92AF3214AA22E6007819D7 /* main.m in Sources */,
				2D92AF3614AA22E6007819D7 /* AppDelegate.m in Sources */,
				2D92AF3914AA22E6007819D7 /* ViewController.m in Sources */,
				ABFC501A14CA3DA200BA484B /* MapViewController.m in Sources */,
				ABFC501B14CA3DA200BA484B /* MeshableTablesViewController.m in Sources */,
				ABFC501E14CA3DB100BA484B /* UIFactory.m in Sources */,
				ABFC503714CA92DB00BA484B /* AddNewDeputyViewController.m in Sources */,
				ABFC503814CA92DB00BA484B /* CountyDeputyMapViewController.m in Sources */,
				ABFC503914CA92DB00BA484B /* DeputyAreaPickerController.m in Sources */,
				ABFC503C14CAB0DC00BA484B /* CommonDataUtil.m in Sources */,
				AB39FAE114D4EE47005C7F70 /* Foundation-AddsOn.m in Sources */,
				AB39FAE914D509C9005C7F70 /* CouchbaseServerManager.m in Sources */,
				ABF5600B14D533E400872408 /* UICustomSwitch.m in Sources */,
				ABF5601014D61D7F00872408 /* DeputyAnnotation.m in Sources */,
				ABF5601314D6202800872408 /* DeputyAnnotationView.m in Sources */,
				ABF5603E14D77D3C00872408 /* DeputyProfileViewController.m in Sources */,
				2D9C2EB214D965E500956FA1 /* LocationController.m in Sources */,
				AB49D8BC14F23A31008B3B15 /* TraderAlikeViewController.m in Sources */,
				AB49D92114F397F4008B3B15 /* SurveyCreationDashboardViewController.m in Sources */,
				AB50B33914FDCD3100957F73 /* SurveyTemplate.m in Sources */,
				2D8A0F79150CFF40002348D9 /* NewsRetriever.m in Sources */,
				2D8A0F7E150D040E002348D9 /* ProfileSlideCardView.m in Sources */,
				AB683F46150F1A4E0050CD71 /* OrganizationSlideView.m in Sources */,
				AB683F49150F1D760050CD71 /* OrganizationsPlaygroundViewController.m in Sources */,
				AB921248151AED110056043F /* SimpleNews.m in Sources */,
				AB92124F151B0F9C0056043F /* DeputyNewsLinksViewController.m in Sources */,
				ABE8784415214B16003652FD /* GenericPinAnnotationView.m in Sources */,
				ABE8784615214B16003652FD /* MultiRowAnnotation.m in Sources */,
				ABE8784715214B16003652FD /* MultiRowCalloutAnnotationView.m in Sources */,
				ABE8784815214B16003652FD /* MultiRowCalloutCell.m in Sources */,
				ABE8784C15214E64003652FD /* DemoStatisticsViewController.m in Sources */,
			);
			runOnlyForDeploymentPostprocessing = 0;
		};
		2D92AF3D14AA22E6007819D7 /* Sources */ = {
			isa = PBXSourcesBuildPhase;
			buildActionMask = 2147483647;
			files = (
				2D92AF5114AA22E6007819D7 /* StudyCouchDBTests.m in Sources */,
			);
			runOnlyForDeploymentPostprocessing = 0;
		};
/* End PBXSourcesBuildPhase section */

/* Begin PBXTargetDependency section */
		2D92AF4814AA22E6007819D7 /* PBXTargetDependency */ = {
			isa = PBXTargetDependency;
			target = 2D92AF2014AA22E6007819D7 /* StudyCouchDB */;
			targetProxy = 2D92AF4714AA22E6007819D7 /* PBXContainerItemProxy */;
		};
/* End PBXTargetDependency section */

/* Begin PBXVariantGroup section */
		2D92AF2E14AA22E6007819D7 /* InfoPlist.strings */ = {
			isa = PBXVariantGroup;
			children = (
				2D92AF2F14AA22E6007819D7 /* en */,
			);
			name = InfoPlist.strings;
			sourceTree = "<group>";
		};
		2D92AF3A14AA22E6007819D7 /* ViewController.xib */ = {
			isa = PBXVariantGroup;
			children = (
				2D92AF3B14AA22E6007819D7 /* en */,
			);
			name = ViewController.xib;
			sourceTree = "<group>";
		};
		2D92AF4C14AA22E6007819D7 /* InfoPlist.strings */ = {
			isa = PBXVariantGroup;
			children = (
				2D92AF4D14AA22E6007819D7 /* en */,
			);
			name = InfoPlist.strings;
			sourceTree = "<group>";
		};
/* End PBXVariantGroup section */

/* Begin XCBuildConfiguration section */
		2D92AF5214AA22E6007819D7 /* Debug */ = {
			isa = XCBuildConfiguration;
			buildSettings = {
				ALWAYS_SEARCH_USER_PATHS = NO;
				ARCHS = "$(ARCHS_STANDARD_32_BIT)";
				"CODE_SIGN_IDENTITY[sdk=iphoneos*]" = "iPhone Developer";
				COPY_PHASE_STRIP = NO;
				GCC_C_LANGUAGE_STANDARD = gnu99;
				GCC_DYNAMIC_NO_PIC = NO;
				GCC_OPTIMIZATION_LEVEL = 0;
				GCC_PREPROCESSOR_DEFINITIONS = (
					"DEBUG=1",
					"$(inherited)",
				);
				GCC_SYMBOLS_PRIVATE_EXTERN = NO;
				GCC_VERSION = com.apple.compilers.llvm.clang.1_0;
				GCC_WARN_ABOUT_MISSING_PROTOTYPES = YES;
				GCC_WARN_ABOUT_RETURN_TYPE = YES;
				GCC_WARN_UNUSED_VARIABLE = YES;
				IPHONEOS_DEPLOYMENT_TARGET = 5.0;
				SDKROOT = iphoneos;
			};
			name = Debug;
		};
		2D92AF5314AA22E6007819D7 /* Release */ = {
			isa = XCBuildConfiguration;
			buildSettings = {
				ALWAYS_SEARCH_USER_PATHS = NO;
				ARCHS = "$(ARCHS_STANDARD_32_BIT)";
				"CODE_SIGN_IDENTITY[sdk=iphoneos*]" = "iPhone Developer";
				COPY_PHASE_STRIP = YES;
				GCC_C_LANGUAGE_STANDARD = gnu99;
				GCC_VERSION = com.apple.compilers.llvm.clang.1_0;
				GCC_WARN_ABOUT_MISSING_PROTOTYPES = YES;
				GCC_WARN_ABOUT_RETURN_TYPE = YES;
				GCC_WARN_UNUSED_VARIABLE = YES;
				IPHONEOS_DEPLOYMENT_TARGET = 5.0;
				OTHER_CFLAGS = "-DNS_BLOCK_ASSERTIONS=1";
				SDKROOT = iphoneos;
				VALIDATE_PRODUCT = YES;
			};
			name = Release;
		};
		2D92AF5514AA22E6007819D7 /* Debug */ = {
			isa = XCBuildConfiguration;
			buildSettings = {
				CODE_SIGN_IDENTITY = "iPhone Developer";
				"CODE_SIGN_IDENTITY[sdk=iphoneos*]" = "iPhone Developer";
				FRAMEWORK_SEARCH_PATHS = (
					"$(inherited)",
					"\"$(SRCROOT)/Frameworks\"",
				);
				GCC_PRECOMPILE_PREFIX_HEADER = YES;
				GCC_PREFIX_HEADER = "StudyCouchDB/StudyCouchDB-Prefix.pch";
				INFOPLIST_FILE = "StudyCouchDB/StudyCouchDB-Info.plist";
				IPHONEOS_DEPLOYMENT_TARGET = 4.2;
				ONLY_ACTIVE_ARCH = NO;
				PRODUCT_NAME = "$(TARGET_NAME)";
				PROVISIONING_PROFILE = "";
				"PROVISIONING_PROFILE[sdk=iphoneos*]" = "";
				TARGETED_DEVICE_FAMILY = 2;
				WRAPPER_EXTENSION = app;
			};
			name = Debug;
		};
		2D92AF5614AA22E6007819D7 /* Release */ = {
			isa = XCBuildConfiguration;
			buildSettings = {
				CODE_SIGN_IDENTITY = "iPhone Developer";
				FRAMEWORK_SEARCH_PATHS = (
					"$(inherited)",
					"\"$(SRCROOT)/Frameworks\"",
				);
				GCC_PRECOMPILE_PREFIX_HEADER = YES;
				GCC_PREFIX_HEADER = "StudyCouchDB/StudyCouchDB-Prefix.pch";
				INFOPLIST_FILE = "StudyCouchDB/StudyCouchDB-Info.plist";
				IPHONEOS_DEPLOYMENT_TARGET = 4.2;
				PRODUCT_NAME = "$(TARGET_NAME)";
				PROVISIONING_PROFILE = "";
				TARGETED_DEVICE_FAMILY = 2;
				WRAPPER_EXTENSION = app;
			};
			name = Release;
		};
		2D92AF5814AA22E6007819D7 /* Debug */ = {
			isa = XCBuildConfiguration;
			buildSettings = {
				BUNDLE_LOADER = "$(BUILT_PRODUCTS_DIR)/StudyCouchDB.app/StudyCouchDB";
				FRAMEWORK_SEARCH_PATHS = (
					"$(SDKROOT)/Developer/Library/Frameworks",
					"$(DEVELOPER_LIBRARY_DIR)/Frameworks",
				);
				GCC_PRECOMPILE_PREFIX_HEADER = YES;
				GCC_PREFIX_HEADER = "StudyCouchDB/StudyCouchDB-Prefix.pch";
				INFOPLIST_FILE = "StudyCouchDBTests/StudyCouchDBTests-Info.plist";
				PRODUCT_NAME = "$(TARGET_NAME)";
				TEST_HOST = "$(BUNDLE_LOADER)";
				WRAPPER_EXTENSION = octest;
			};
			name = Debug;
		};
		2D92AF5914AA22E6007819D7 /* Release */ = {
			isa = XCBuildConfiguration;
			buildSettings = {
				BUNDLE_LOADER = "$(BUILT_PRODUCTS_DIR)/StudyCouchDB.app/StudyCouchDB";
				FRAMEWORK_SEARCH_PATHS = (
					"$(SDKROOT)/Developer/Library/Frameworks",
					"$(DEVELOPER_LIBRARY_DIR)/Frameworks",
				);
				GCC_PRECOMPILE_PREFIX_HEADER = YES;
				GCC_PREFIX_HEADER = "StudyCouchDB/StudyCouchDB-Prefix.pch";
				INFOPLIST_FILE = "StudyCouchDBTests/StudyCouchDBTests-Info.plist";
				PRODUCT_NAME = "$(TARGET_NAME)";
				TEST_HOST = "$(BUNDLE_LOADER)";
				WRAPPER_EXTENSION = octest;
			};
			name = Release;
		};
/* End XCBuildConfiguration section */

/* Begin XCConfigurationList section */
		2D92AF1B14AA22E6007819D7 /* Build configuration list for PBXProject "StudyCouchDB" */ = {
			isa = XCConfigurationList;
			buildConfigurations = (
				2D92AF5214AA22E6007819D7 /* Debug */,
				2D92AF5314AA22E6007819D7 /* Release */,
			);
			defaultConfigurationIsVisible = 0;
			defaultConfigurationName = Release;
		};
		2D92AF5414AA22E6007819D7 /* Build configuration list for PBXNativeTarget "StudyCouchDB" */ = {
			isa = XCConfigurationList;
			buildConfigurations = (
				2D92AF5514AA22E6007819D7 /* Debug */,
				2D92AF5614AA22E6007819D7 /* Release */,
			);
			defaultConfigurationIsVisible = 0;
			defaultConfigurationName = Release;
		};
		2D92AF5714AA22E6007819D7 /* Build configuration list for PBXNativeTarget "StudyCouchDBTests" */ = {
			isa = XCConfigurationList;
			buildConfigurations = (
				2D92AF5814AA22E6007819D7 /* Debug */,
				2D92AF5914AA22E6007819D7 /* Release */,
			);
			defaultConfigurationIsVisible = 0;
			defaultConfigurationName = Release;
		};
/* End XCConfigurationList section */
	};
	rootObject = 2D92AF1814AA22E6007819D7 /* Project object */;
}
