// !$*UTF8*$!
{
	archiveVersion = 1;
	classes = {
	};
	objectVersion = 46;
	objects = {

/* Begin PBXBuildFile section */
		2D92AF2614AA22E6007819D7 /* UIKit.framework in Frameworks */ = {isa = PBXBuildFile; fileRef = 2D92AF2514AA22E6007819D7 /* UIKit.framework */; };
		2D92AF2814AA22E6007819D7 /* Foundation.framework in Frameworks */ = {isa = PBXBuildFile; fileRef = 2D92AF2714AA22E6007819D7 /* Foundation.framework */; };
		2D92AF2A14AA22E6007819D7 /* CoreGraphics.framework in Frameworks */ = {isa = PBXBuildFile; fileRef = 2D92AF2914AA22E6007819D7 /* CoreGraphics.framework */; };
		2D92AF3014AA22E6007819D7 /* InfoPlist.strings in Resources */ = {isa = PBXBuildFile; fileRef = 2D92AF2E14AA22E6007819D7 /* InfoPlist.strings */; };
		2D92AF3214AA22E6007819D7 /* main.m in Sources */ = {isa = PBXBuildFile; fileRef = 2D92AF3114AA22E6007819D7 /* main.m */; };
		2D92AF3614AA22E6007819D7 /* AppDelegate.m in Sources */ = {isa = PBXBuildFile; fileRef = 2D92AF3514AA22E6007819D7 /* AppDelegate.m */; };
		2D92AF3914AA22E6007819D7 /* ViewController.m in Sources */ = {isa = PBXBuildFile; fileRef = 2D92AF3814AA22E6007819D7 /* ViewController.m */; };
		2D92AF3C14AA22E6007819D7 /* ViewController.xib in Resources */ = {isa = PBXBuildFile; fileRef = 2D92AF3A14AA22E6007819D7 /* ViewController.xib */; };
		2D92AF4414AA22E6007819D7 /* SenTestingKit.framework in Frameworks */ = {isa = PBXBuildFile; fileRef = 2D92AF4314AA22E6007819D7 /* SenTestingKit.framework */; };
		2D92AF4514AA22E6007819D7 /* UIKit.framework in Frameworks */ = {isa = PBXBuildFile; fileRef = 2D92AF2514AA22E6007819D7 /* UIKit.framework */; };
		2D92AF4614AA22E6007819D7 /* Foundation.framework in Frameworks */ = {isa = PBXBuildFile; fileRef = 2D92AF2714AA22E6007819D7 /* Foundation.framework */; };
		2D92AF4E14AA22E6007819D7 /* InfoPlist.strings in Resources */ = {isa = PBXBuildFile; fileRef = 2D92AF4C14AA22E6007819D7 /* InfoPlist.strings */; };
		2D92AF5114AA22E6007819D7 /* StudyCouchDBTests.m in Sources */ = {isa = PBXBuildFile; fileRef = 2D92AF5014AA22E6007819D7 /* StudyCouchDBTests.m */; };
		2D92AF5D14AA2402007819D7 /* Security.framework in Frameworks */ = {isa = PBXBuildFile; fileRef = 2D92AF5C14AA2402007819D7 /* Security.framework */; };
		2D92AF5F14AA2410007819D7 /* libstdc++.dylib in Frameworks */ = {isa = PBXBuildFile; fileRef = 2D92AF5E14AA2410007819D7 /* libstdc++.dylib */; };
		2D92AF6114AA241D007819D7 /* libz.dylib in Frameworks */ = {isa = PBXBuildFile; fileRef = 2D92AF6014AA241D007819D7 /* libz.dylib */; };
		2DA8E3A214BF117B009AB6A0 /* Couchbase.framework in Frameworks */ = {isa = PBXBuildFile; fileRef = 2DA8E3A114BF117B009AB6A0 /* Couchbase.framework */; };
		2DA8E3B014BF45F8009AB6A0 /* MapKit.framework in Frameworks */ = {isa = PBXBuildFile; fileRef = 2DA8E3AF14BF45F8009AB6A0 /* MapKit.framework */; };
		AB39FAE114D4EE47005C7F70 /* UIKit-AddsOn.m in Sources */ = {isa = PBXBuildFile; fileRef = AB39FAE014D4EE47005C7F70 /* UIKit-AddsOn.m */; };
		AB39FAE914D509C9005C7F70 /* CouchbaseServerManager.m in Sources */ = {isa = PBXBuildFile; fileRef = AB39FAE814D509C9005C7F70 /* CouchbaseServerManager.m */; };
		ABF55FFF14D5259600872408 /* CouchCocoa.framework in Frameworks */ = {isa = PBXBuildFile; fileRef = ABF55FFE14D5259600872408 /* CouchCocoa.framework */; };
		ABF5600814D533E400872408 /* switchBlueBg.png in Resources */ = {isa = PBXBuildFile; fileRef = ABF5600314D533E400872408 /* switchBlueBg.png */; };
		ABF5600914D533E400872408 /* switchOffPlain.png in Resources */ = {isa = PBXBuildFile; fileRef = ABF5600414D533E400872408 /* switchOffPlain.png */; };
		ABF5600A14D533E400872408 /* switchThumb.png in Resources */ = {isa = PBXBuildFile; fileRef = ABF5600514D533E400872408 /* switchThumb.png */; };
		ABF5600B14D533E400872408 /* UICustomSwitch.m in Sources */ = {isa = PBXBuildFile; fileRef = ABF5600714D533E400872408 /* UICustomSwitch.m */; };
		ABFC501A14CA3DA200BA484B /* MapViewController.m in Sources */ = {isa = PBXBuildFile; fileRef = ABFC501614CA3DA200BA484B /* MapViewController.m */; };
		ABFC501B14CA3DA200BA484B /* MeshableTablesViewController.m in Sources */ = {isa = PBXBuildFile; fileRef = ABFC501814CA3DA200BA484B /* MeshableTablesViewController.m */; };
		ABFC501E14CA3DB100BA484B /* UIFactory.m in Sources */ = {isa = PBXBuildFile; fileRef = ABFC501C14CA3DB100BA484B /* UIFactory.m */; };
		ABFC503714CA92DB00BA484B /* AddNewDeputyViewController.m in Sources */ = {isa = PBXBuildFile; fileRef = ABFC503214CA92DB00BA484B /* AddNewDeputyViewController.m */; };
		ABFC503814CA92DB00BA484B /* CountyDeputyMapViewController.m in Sources */ = {isa = PBXBuildFile; fileRef = ABFC503414CA92DB00BA484B /* CountyDeputyMapViewController.m */; };
		ABFC503914CA92DB00BA484B /* DeputyAreaPickerController.m in Sources */ = {isa = PBXBuildFile; fileRef = ABFC503614CA92DB00BA484B /* DeputyAreaPickerController.m */; };
		ABFC503C14CAB0DC00BA484B /* CommonDataUtil.m in Sources */ = {isa = PBXBuildFile; fileRef = ABFC503B14CAB0DC00BA484B /* CommonDataUtil.m */; };
/* End PBXBuildFile section */

/* Begin PBXContainerItemProxy section */
		2D92AF4714AA22E6007819D7 /* PBXContainerItemProxy */ = {
			isa = PBXContainerItemProxy;
			containerPortal = 2D92AF1814AA22E6007819D7 /* Project object */;
			proxyType = 1;
			remoteGlobalIDString = 2D92AF2014AA22E6007819D7;
			remoteInfo = StudyCouchDB;
		};
/* End PBXContainerItemProxy section */

/* Begin PBXFileReference section */
		2D92AF2114AA22E6007819D7 /* StudyCouchDB.app */ = {isa = PBXFileReference; explicitFileType = wrapper.application; includeInIndex = 0; path = StudyCouchDB.app; sourceTree = BUILT_PRODUCTS_DIR; };
		2D92AF2514AA22E6007819D7 /* UIKit.framework */ = {isa = PBXFileReference; lastKnownFileType = wrapper.framework; name = UIKit.framework; path = System/Library/Frameworks/UIKit.framework; sourceTree = SDKROOT; };
		2D92AF2714AA22E6007819D7 /* Foundation.framework */ = {isa = PBXFileReference; lastKnownFileType = wrapper.framework; name = Foundation.framework; path = System/Library/Frameworks/Foundation.framework; sourceTree = SDKROOT; };
		2D92AF2914AA22E6007819D7 /* CoreGraphics.framework */ = {isa = PBXFileReference; lastKnownFileType = wrapper.framework; name = CoreGraphics.framework; path = System/Library/Frameworks/CoreGraphics.framework; sourceTree = SDKROOT; };
		2D92AF2D14AA22E6007819D7 /* StudyCouchDB-Info.plist */ = {isa = PBXFileReference; lastKnownFileType = text.plist.xml; path = "StudyCouchDB-Info.plist"; sourceTree = "<group>"; };
		2D92AF2F14AA22E6007819D7 /* en */ = {isa = PBXFileReference; lastKnownFileType = text.plist.strings; name = en; path = en.lproj/InfoPlist.strings; sourceTree = "<group>"; };
		2D92AF3114AA22E6007819D7 /* main.m */ = {isa = PBXFileReference; lastKnownFileType = sourcecode.c.objc; path = main.m; sourceTree = "<group>"; };
		2D92AF3314AA22E6007819D7 /* StudyCouchDB-Prefix.pch */ = {isa = PBXFileReference; lastKnownFileType = sourcecode.c.h; path = "StudyCouchDB-Prefix.pch"; sourceTree = "<group>"; };
		2D92AF3414AA22E6007819D7 /* AppDelegate.h */ = {isa = PBXFileReference; lastKnownFileType = sourcecode.c.h; path = AppDelegate.h; sourceTree = "<group>"; };
		2D92AF3514AA22E6007819D7 /* AppDelegate.m */ = {isa = PBXFileReference; lastKnownFileType = sourcecode.c.objc; path = AppDelegate.m; sourceTree = "<group>"; };
		2D92AF3714AA22E6007819D7 /* ViewController.h */ = {isa = PBXFileReference; lastKnownFileType = sourcecode.c.h; path = ViewController.h; sourceTree = "<group>"; };
		2D92AF3814AA22E6007819D7 /* ViewController.m */ = {isa = PBXFileReference; lastKnownFileType = sourcecode.c.objc; path = ViewController.m; sourceTree = "<group>"; };
		2D92AF3B14AA22E6007819D7 /* en */ = {isa = PBXFileReference; lastKnownFileType = file.xib; name = en; path = en.lproj/ViewController.xib; sourceTree = "<group>"; };
		2D92AF4214AA22E6007819D7 /* StudyCouchDBTests.octest */ = {isa = PBXFileReference; explicitFileType = wrapper.cfbundle; includeInIndex = 0; path = StudyCouchDBTests.octest; sourceTree = BUILT_PRODUCTS_DIR; };
		2D92AF4314AA22E6007819D7 /* SenTestingKit.framework */ = {isa = PBXFileReference; lastKnownFileType = wrapper.framework; name = SenTestingKit.framework; path = Library/Frameworks/SenTestingKit.framework; sourceTree = DEVELOPER_DIR; };
		2D92AF4B14AA22E6007819D7 /* StudyCouchDBTests-Info.plist */ = {isa = PBXFileReference; lastKnownFileType = text.plist.xml; path = "StudyCouchDBTests-Info.plist"; sourceTree = "<group>"; };
		2D92AF4D14AA22E6007819D7 /* en */ = {isa = PBXFileReference; lastKnownFileType = text.plist.strings; name = en; path = en.lproj/InfoPlist.strings; sourceTree = "<group>"; };
		2D92AF4F14AA22E6007819D7 /* StudyCouchDBTests.h */ = {isa = PBXFileReference; lastKnownFileType = sourcecode.c.h; path = StudyCouchDBTests.h; sourceTree = "<group>"; };
		2D92AF5014AA22E6007819D7 /* StudyCouchDBTests.m */ = {isa = PBXFileReference; lastKnownFileType = sourcecode.c.objc; path = StudyCouchDBTests.m; sourceTree = "<group>"; };
		2D92AF5C14AA2402007819D7 /* Security.framework */ = {isa = PBXFileReference; lastKnownFileType = wrapper.framework; name = Security.framework; path = System/Library/Frameworks/Security.framework; sourceTree = SDKROOT; };
		2D92AF5E14AA2410007819D7 /* libstdc++.dylib */ = {isa = PBXFileReference; lastKnownFileType = "compiled.mach-o.dylib"; name = "libstdc++.dylib"; path = "usr/lib/libstdc++.dylib"; sourceTree = SDKROOT; };
		2D92AF6014AA241D007819D7 /* libz.dylib */ = {isa = PBXFileReference; lastKnownFileType = "compiled.mach-o.dylib"; name = libz.dylib; path = usr/lib/libz.dylib; sourceTree = SDKROOT; };
		2DA8E3A114BF117B009AB6A0 /* Couchbase.framework */ = {isa = PBXFileReference; lastKnownFileType = wrapper.framework; name = Couchbase.framework; path = Frameworks/Couchbase.framework; sourceTree = "<group>"; };
		2DA8E3AF14BF45F8009AB6A0 /* MapKit.framework */ = {isa = PBXFileReference; lastKnownFileType = wrapper.framework; name = MapKit.framework; path = System/Library/Frameworks/MapKit.framework; sourceTree = SDKROOT; };
		AB39FADF14D4EE47005C7F70 /* UIKit-AddsOn.h */ = {isa = PBXFileReference; fileEncoding = 4; lastKnownFileType = sourcecode.c.h; name = "UIKit-AddsOn.h"; path = "commons/UIKit-AddsOn.h"; sourceTree = "<group>"; };
		AB39FAE014D4EE47005C7F70 /* UIKit-AddsOn.m */ = {isa = PBXFileReference; fileEncoding = 4; lastKnownFileType = sourcecode.c.objc; name = "UIKit-AddsOn.m"; path = "commons/UIKit-AddsOn.m"; sourceTree = "<group>"; };
		AB39FAE714D509C9005C7F70 /* CouchbaseServerManager.h */ = {isa = PBXFileReference; fileEncoding = 4; lastKnownFileType = sourcecode.c.h; name = CouchbaseServerManager.h; path = commons/CouchbaseServerManager.h; sourceTree = "<group>"; };
		AB39FAE814D509C9005C7F70 /* CouchbaseServerManager.m */ = {isa = PBXFileReference; fileEncoding = 4; lastKnownFileType = sourcecode.c.objc; name = CouchbaseServerManager.m; path = commons/CouchbaseServerManager.m; sourceTree = "<group>"; };
		ABF55FFE14D5259600872408 /* CouchCocoa.framework */ = {isa = PBXFileReference; lastKnownFileType = wrapper.framework; name = CouchCocoa.framework; path = Frameworks/CouchCocoa.framework; sourceTree = "<group>"; };
		ABF5600314D533E400872408 /* switchBlueBg.png */ = {isa = PBXFileReference; lastKnownFileType = image.png; name = switchBlueBg.png; path = libraries/UICustomSwitch/switchBlueBg.png; sourceTree = "<group>"; };
		ABF5600414D533E400872408 /* switchOffPlain.png */ = {isa = PBXFileReference; lastKnownFileType = image.png; name = switchOffPlain.png; path = libraries/UICustomSwitch/switchOffPlain.png; sourceTree = "<group>"; };
		ABF5600514D533E400872408 /* switchThumb.png */ = {isa = PBXFileReference; lastKnownFileType = image.png; name = switchThumb.png; path = libraries/UICustomSwitch/switchThumb.png; sourceTree = "<group>"; };
		ABF5600614D533E400872408 /* UICustomSwitch.h */ = {isa = PBXFileReference; fileEncoding = 4; lastKnownFileType = sourcecode.c.h; name = UICustomSwitch.h; path = libraries/UICustomSwitch/UICustomSwitch.h; sourceTree = "<group>"; };
		ABF5600714D533E400872408 /* UICustomSwitch.m */ = {isa = PBXFileReference; fileEncoding = 4; lastKnownFileType = sourcecode.c.objc; name = UICustomSwitch.m; path = libraries/UICustomSwitch/UICustomSwitch.m; sourceTree = "<group>"; };
		ABFC501614CA3DA200BA484B /* MapViewController.m */ = {isa = PBXFileReference; fileEncoding = 4; lastKnownFileType = sourcecode.c.objc; name = MapViewController.m; path = experimentals/MapViewController.m; sourceTree = "<group>"; };
		ABFC501714CA3DA200BA484B /* MapViewController.h */ = {isa = PBXFileReference; fileEncoding = 4; lastKnownFileType = sourcecode.c.h; name = MapViewController.h; path = experimentals/MapViewController.h; sourceTree = "<group>"; };
		ABFC501814CA3DA200BA484B /* MeshableTablesViewController.m */ = {isa = PBXFileReference; fileEncoding = 4; lastKnownFileType = sourcecode.c.objc; name = MeshableTablesViewController.m; path = experimentals/MeshableTablesViewController.m; sourceTree = "<group>"; };
		ABFC501914CA3DA200BA484B /* MeshableTablesViewController.h */ = {isa = PBXFileReference; fileEncoding = 4; lastKnownFileType = sourcecode.c.h; name = MeshableTablesViewController.h; path = experimentals/MeshableTablesViewController.h; sourceTree = "<group>"; };
		ABFC501C14CA3DB100BA484B /* UIFactory.m */ = {isa = PBXFileReference; fileEncoding = 4; lastKnownFileType = sourcecode.c.objc; name = UIFactory.m; path = commons/UIFactory.m; sourceTree = "<group>"; };
		ABFC501D14CA3DB100BA484B /* UIFactory.h */ = {isa = PBXFileReference; fileEncoding = 4; lastKnownFileType = sourcecode.c.h; name = UIFactory.h; path = commons/UIFactory.h; sourceTree = "<group>"; };
		ABFC503114CA92DB00BA484B /* AddNewDeputyViewController.h */ = {isa = PBXFileReference; fileEncoding = 4; lastKnownFileType = sourcecode.c.h; name = AddNewDeputyViewController.h; path = VCs/AddNewDeputyViewController.h; sourceTree = "<group>"; };
		ABFC503214CA92DB00BA484B /* AddNewDeputyViewController.m */ = {isa = PBXFileReference; fileEncoding = 4; lastKnownFileType = sourcecode.c.objc; name = AddNewDeputyViewController.m; path = VCs/AddNewDeputyViewController.m; sourceTree = "<group>"; };
		ABFC503314CA92DB00BA484B /* CountyDeputyMapViewController.h */ = {isa = PBXFileReference; fileEncoding = 4; lastKnownFileType = sourcecode.c.h; name = CountyDeputyMapViewController.h; path = VCs/CountyDeputyMapViewController.h; sourceTree = "<group>"; };
		ABFC503414CA92DB00BA484B /* CountyDeputyMapViewController.m */ = {isa = PBXFileReference; fileEncoding = 4; lastKnownFileType = sourcecode.c.objc; name = CountyDeputyMapViewController.m; path = VCs/CountyDeputyMapViewController.m; sourceTree = "<group>"; };
		ABFC503514CA92DB00BA484B /* DeputyAreaPickerController.h */ = {isa = PBXFileReference; fileEncoding = 4; lastKnownFileType = sourcecode.c.h; name = DeputyAreaPickerController.h; path = VCs/DeputyAreaPickerController.h; sourceTree = "<group>"; };
		ABFC503614CA92DB00BA484B /* DeputyAreaPickerController.m */ = {isa = PBXFileReference; fileEncoding = 4; lastKnownFileType = sourcecode.c.objc; name = DeputyAreaPickerController.m; path = VCs/DeputyAreaPickerController.m; sourceTree = "<group>"; };
		ABFC503A14CAB0DB00BA484B /* CommonDataUtil.h */ = {isa = PBXFileReference; fileEncoding = 4; lastKnownFileType = sourcecode.c.h; name = CommonDataUtil.h; path = commons/CommonDataUtil.h; sourceTree = "<group>"; };
		ABFC503B14CAB0DC00BA484B /* CommonDataUtil.m */ = {isa = PBXFileReference; fileEncoding = 4; lastKnownFileType = sourcecode.c.objc; name = CommonDataUtil.m; path = commons/CommonDataUtil.m; sourceTree = "<group>"; };
/* End PBXFileReference section */

/* Begin PBXFrameworksBuildPhase section */
		2D92AF1E14AA22E6007819D7 /* Frameworks */ = {
			isa = PBXFrameworksBuildPhase;
			buildActionMask = 2147483647;
			files = (
				2DA8E3B014BF45F8009AB6A0 /* MapKit.framework in Frameworks */,
				2D92AF6114AA241D007819D7 /* libz.dylib in Frameworks */,
				2D92AF5F14AA2410007819D7 /* libstdc++.dylib in Frameworks */,
				2D92AF5D14AA2402007819D7 /* Security.framework in Frameworks */,
				2D92AF2614AA22E6007819D7 /* UIKit.framework in Frameworks */,
				2D92AF2814AA22E6007819D7 /* Foundation.framework in Frameworks */,
				2D92AF2A14AA22E6007819D7 /* CoreGraphics.framework in Frameworks */,
				2DA8E3A214BF117B009AB6A0 /* Couchbase.framework in Frameworks */,
				ABF55FFF14D5259600872408 /* CouchCocoa.framework in Frameworks */,
			);
			runOnlyForDeploymentPostprocessing = 0;
		};
		2D92AF3E14AA22E6007819D7 /* Frameworks */ = {
			isa = PBXFrameworksBuildPhase;
			buildActionMask = 2147483647;
			files = (
				2D92AF4414AA22E6007819D7 /* SenTestingKit.framework in Frameworks */,
				2D92AF4514AA22E6007819D7 /* UIKit.framework in Frameworks */,
				2D92AF4614AA22E6007819D7 /* Foundation.framework in Frameworks */,
			);
			runOnlyForDeploymentPostprocessing = 0;
		};
/* End PBXFrameworksBuildPhase section */

/* Begin PBXGroup section */
		2D92AF1614AA22E6007819D7 = {
			isa = PBXGroup;
			children = (
				2D92AF2B14AA22E6007819D7 /* StudyCouchDB */,
				2D92AF4914AA22E6007819D7 /* StudyCouchDBTests */,
				2D92AF2414AA22E6007819D7 /* Frameworks */,
				2D92AF6214AA2443007819D7 /* Libraries */,
				2D92AF2214AA22E6007819D7 /* Products */,
			);
			sourceTree = "<group>";
		};
		2D92AF2214AA22E6007819D7 /* Products */ = {
			isa = PBXGroup;
			children = (
				2D92AF2114AA22E6007819D7 /* StudyCouchDB.app */,
				2D92AF4214AA22E6007819D7 /* StudyCouchDBTests.octest */,
			);
			name = Products;
			sourceTree = "<group>";
		};
		2D92AF2414AA22E6007819D7 /* Frameworks */ = {
			isa = PBXGroup;
			children = (
				ABF55FFE14D5259600872408 /* CouchCocoa.framework */,
				2DA8E3AF14BF45F8009AB6A0 /* MapKit.framework */,
				2DA8E3A114BF117B009AB6A0 /* Couchbase.framework */,
				2D92AF5C14AA2402007819D7 /* Security.framework */,
				2D92AF2514AA22E6007819D7 /* UIKit.framework */,
				2D92AF2714AA22E6007819D7 /* Foundation.framework */,
				2D92AF2914AA22E6007819D7 /* CoreGraphics.framework */,
				2D92AF4314AA22E6007819D7 /* SenTestingKit.framework */,
			);
			name = Frameworks;
			sourceTree = "<group>";
		};
		2D92AF2B14AA22E6007819D7 /* StudyCouchDB */ = {
			isa = PBXGroup;
			children = (
				ABFC501514CA3D7300BA484B /* experimentals */,
				ABFC501414CA3D6600BA484B /* commons */,
				ABFC501314CA3D5200BA484B /* VCs */,
				ABF5600114D533B800872408 /* Libraries */,
				2D92AF3414AA22E6007819D7 /* AppDelegate.h */,
				2D92AF3514AA22E6007819D7 /* AppDelegate.m */,
				2D92AF3714AA22E6007819D7 /* ViewController.h */,
				2D92AF3814AA22E6007819D7 /* ViewController.m */,
				2D92AF3A14AA22E6007819D7 /* ViewController.xib */,
				2D92AF2C14AA22E6007819D7 /* Supporting Files */,
			);
			path = StudyCouchDB;
			sourceTree = "<group>";
		};
		2D92AF2C14AA22E6007819D7 /* Supporting Files */ = {
			isa = PBXGroup;
			children = (
				2D92AF2D14AA22E6007819D7 /* StudyCouchDB-Info.plist */,
				2D92AF2E14AA22E6007819D7 /* InfoPlist.strings */,
				2D92AF3114AA22E6007819D7 /* main.m */,
				2D92AF3314AA22E6007819D7 /* StudyCouchDB-Prefix.pch */,
			);
			name = "Supporting Files";
			sourceTree = "<group>";
		};
		2D92AF4914AA22E6007819D7 /* StudyCouchDBTests */ = {
			isa = PBXGroup;
			children = (
				2D92AF4F14AA22E6007819D7 /* StudyCouchDBTests.h */,
				2D92AF5014AA22E6007819D7 /* StudyCouchDBTests.m */,
				2D92AF4A14AA22E6007819D7 /* Supporting Files */,
			);
			path = StudyCouchDBTests;
			sourceTree = "<group>";
		};
		2D92AF4A14AA22E6007819D7 /* Supporting Files */ = {
			isa = PBXGroup;
			children = (
				2D92AF4B14AA22E6007819D7 /* StudyCouchDBTests-Info.plist */,
				2D92AF4C14AA22E6007819D7 /* InfoPlist.strings */,
			);
			name = "Supporting Files";
			sourceTree = "<group>";
		};
		2D92AF6214AA2443007819D7 /* Libraries */ = {
			isa = PBXGroup;
			children = (
				2D92AF6014AA241D007819D7 /* libz.dylib */,
				2D92AF5E14AA2410007819D7 /* libstdc++.dylib */,
			);
			name = Libraries;
			path = StudyCouchDB;
			sourceTree = "<group>";
		};
		ABF5600114D533B800872408 /* Libraries */ = {
			isa = PBXGroup;
			children = (
				ABF5600214D533D200872408 /* UICustomSwitch */,
			);
			name = Libraries;
			sourceTree = "<group>";
		};
		ABF5600214D533D200872408 /* UICustomSwitch */ = {
			isa = PBXGroup;
			children = (
				ABF5600314D533E400872408 /* switchBlueBg.png */,
				ABF5600414D533E400872408 /* switchOffPlain.png */,
				ABF5600514D533E400872408 /* switchThumb.png */,
				ABF5600614D533E400872408 /* UICustomSwitch.h */,
				ABF5600714D533E400872408 /* UICustomSwitch.m */,
			);
			name = UICustomSwitch;
			sourceTree = "<group>";
		};
		ABFC501314CA3D5200BA484B /* VCs */ = {
			isa = PBXGroup;
			children = (
				ABFC503114CA92DB00BA484B /* AddNewDeputyViewController.h */,
				ABFC503214CA92DB00BA484B /* AddNewDeputyViewController.m */,
				ABFC503314CA92DB00BA484B /* CountyDeputyMapViewController.h */,
				ABFC503414CA92DB00BA484B /* CountyDeputyMapViewController.m */,
				ABFC503514CA92DB00BA484B /* DeputyAreaPickerController.h */,
				ABFC503614CA92DB00BA484B /* DeputyAreaPickerController.m */,
			);
			name = VCs;
			sourceTree = "<group>";
		};
		ABFC501414CA3D6600BA484B /* commons */ = {
			isa = PBXGroup;
			children = (
				ABFC501C14CA3DB100BA484B /* UIFactory.m */,
				ABFC501D14CA3DB100BA484B /* UIFactory.h */,
				ABFC503A14CAB0DB00BA484B /* CommonDataUtil.h */,
				ABFC503B14CAB0DC00BA484B /* CommonDataUtil.m */,
				AB39FADF14D4EE47005C7F70 /* UIKit-AddsOn.h */,
				AB39FAE014D4EE47005C7F70 /* UIKit-AddsOn.m */,
				AB39FAE714D509C9005C7F70 /* CouchbaseServerManager.h */,
				AB39FAE814D509C9005C7F70 /* CouchbaseServerManager.m */,
			);
			name = commons;
			sourceTree = "<group>";
		};
		ABFC501514CA3D7300BA484B /* experimentals */ = {
			isa = PBXGroup;
			children = (
				ABFC501614CA3DA200BA484B /* MapViewController.m */,
				ABFC501714CA3DA200BA484B /* MapViewController.h */,
				ABFC501814CA3DA200BA484B /* MeshableTablesViewController.m */,
				ABFC501914CA3DA200BA484B /* MeshableTablesViewController.h */,
			);
			name = experimentals;
			sourceTree = "<group>";
		};
/* End PBXGroup section */

/* Begin PBXNativeTarget section */
		2D92AF2014AA22E6007819D7 /* StudyCouchDB */ = {
			isa = PBXNativeTarget;
			buildConfigurationList = 2D92AF5414AA22E6007819D7 /* Build configuration list for PBXNativeTarget "StudyCouchDB" */;
			buildPhases = (
				2D92AF1D14AA22E6007819D7 /* Sources */,
				2D92AF1E14AA22E6007819D7 /* Frameworks */,
				2D92AF1F14AA22E6007819D7 /* Resources */,
				2D92AF6314AA24CF007819D7 /* ShellScript */,
			);
			buildRules = (
			);
			dependencies = (
			);
			name = StudyCouchDB;
			productName = StudyCouchDB;
			productReference = 2D92AF2114AA22E6007819D7 /* StudyCouchDB.app */;
			productType = "com.apple.product-type.application";
		};
		2D92AF4114AA22E6007819D7 /* StudyCouchDBTests */ = {
			isa = PBXNativeTarget;
			buildConfigurationList = 2D92AF5714AA22E6007819D7 /* Build configuration list for PBXNativeTarget "StudyCouchDBTests" */;
			buildPhases = (
				2D92AF3D14AA22E6007819D7 /* Sources */,
				2D92AF3E14AA22E6007819D7 /* Frameworks */,
				2D92AF3F14AA22E6007819D7 /* Resources */,
				2D92AF4014AA22E6007819D7 /* ShellScript */,
			);
			buildRules = (
			);
			dependencies = (
				2D92AF4814AA22E6007819D7 /* PBXTargetDependency */,
			);
			name = StudyCouchDBTests;
			productName = StudyCouchDBTests;
			productReference = 2D92AF4214AA22E6007819D7 /* StudyCouchDBTests.octest */;
			productType = "com.apple.product-type.bundle";
		};
/* End PBXNativeTarget section */

/* Begin PBXProject section */
		2D92AF1814AA22E6007819D7 /* Project object */ = {
			isa = PBXProject;
			attributes = {
				LastUpgradeCheck = 0420;
			};
			buildConfigurationList = 2D92AF1B14AA22E6007819D7 /* Build configuration list for PBXProject "StudyCouchDB" */;
			compatibilityVersion = "Xcode 3.2";
			developmentRegion = English;
			hasScannedForEncodings = 0;
			knownRegions = (
				en,
			);
			mainGroup = 2D92AF1614AA22E6007819D7;
			productRefGroup = 2D92AF2214AA22E6007819D7 /* Products */;
			projectDirPath = "";
			projectRoot = "";
			targets = (
				2D92AF2014AA22E6007819D7 /* StudyCouchDB */,
				2D92AF4114AA22E6007819D7 /* StudyCouchDBTests */,
			);
		};
/* End PBXProject section */

/* Begin PBXResourcesBuildPhase section */
		2D92AF1F14AA22E6007819D7 /* Resources */ = {
			isa = PBXResourcesBuildPhase;
			buildActionMask = 2147483647;
			files = (
				2D92AF3014AA22E6007819D7 /* InfoPlist.strings in Resources */,
				2D92AF3C14AA22E6007819D7 /* ViewController.xib in Resources */,
				ABF5600814D533E400872408 /* switchBlueBg.png in Resources */,
				ABF5600914D533E400872408 /* switchOffPlain.png in Resources */,
				ABF5600A14D533E400872408 /* switchThumb.png in Resources */,
			);
			runOnlyForDeploymentPostprocessing = 0;
		};
		2D92AF3F14AA22E6007819D7 /* Resources */ = {
			isa = PBXResourcesBuildPhase;
			buildActionMask = 2147483647;
			files = (
				2D92AF4E14AA22E6007819D7 /* InfoPlist.strings in Resources */,
			);
			runOnlyForDeploymentPostprocessing = 0;
		};
/* End PBXResourcesBuildPhase section */

/* Begin PBXShellScriptBuildPhase section */
		2D92AF4014AA22E6007819D7 /* ShellScript */ = {
			isa = PBXShellScriptBuildPhase;
			buildActionMask = 2147483647;
			files = (
			);
			inputPaths = (
			);
			outputPaths = (
			);
			runOnlyForDeploymentPostprocessing = 0;
			shellPath = /bin/sh;
			shellScript = "# Run the unit tests in this test bundle.\n\"${SYSTEM_DEVELOPER_DIR}/Tools/RunUnitTests\"\n";
		};
		2D92AF6314AA24CF007819D7 /* ShellScript */ = {
			isa = PBXShellScriptBuildPhase;
			buildActionMask = 2147483647;
			files = (
			);
			inputPaths = (
			);
			outputPaths = (
			);
			runOnlyForDeploymentPostprocessing = 0;
			shellPath = /bin/sh;
			shellScript = "rsync -a \"${SRCROOT}/Frameworks/Couchbase.framework/CouchbaseResources\" \"${TARGET_BUILD_DIR}/${UNLOCALIZED_RESOURCES_FOLDER_PATH}\"";
		};
/* End PBXShellScriptBuildPhase section */

/* Begin PBXSourcesBuildPhase section */
		2D92AF1D14AA22E6007819D7 /* Sources */ = {
			isa = PBXSourcesBuildPhase;
			buildActionMask = 2147483647;
			files = (
				2D92AF3214AA22E6007819D7 /* main.m in Sources */,
				2D92AF3614AA22E6007819D7 /* AppDelegate.m in Sources */,
				2D92AF3914AA22E6007819D7 /* ViewController.m in Sources */,
				ABFC501A14CA3DA200BA484B /* MapViewController.m in Sources */,
				ABFC501B14CA3DA200BA484B /* MeshableTablesViewController.m in Sources */,
				ABFC501E14CA3DB100BA484B /* UIFactory.m in Sources */,
				ABFC503714CA92DB00BA484B /* AddNewDeputyViewController.m in Sources */,
				ABFC503814CA92DB00BA484B /* CountyDeputyMapViewController.m in Sources */,
				ABFC503914CA92DB00BA484B /* DeputyAreaPickerController.m in Sources */,
				ABFC503C14CAB0DC00BA484B /* CommonDataUtil.m in Sources */,
				AB39FAE114D4EE47005C7F70 /* UIKit-AddsOn.m in Sources */,
				AB39FAE914D509C9005C7F70 /* CouchbaseServerManager.m in Sources */,
				ABF5600B14D533E400872408 /* UICustomSwitch.m in Sources */,
			);
			runOnlyForDeploymentPostprocessing = 0;
		};
		2D92AF3D14AA22E6007819D7 /* Sources */ = {
			isa = PBXSourcesBuildPhase;
			buildActionMask = 2147483647;
			files = (
				2D92AF5114AA22E6007819D7 /* StudyCouchDBTests.m in Sources */,
			);
			runOnlyForDeploymentPostprocessing = 0;
		};
/* End PBXSourcesBuildPhase section */

/* Begin PBXTargetDependency section */
		2D92AF4814AA22E6007819D7 /* PBXTargetDependency */ = {
			isa = PBXTargetDependency;
			target = 2D92AF2014AA22E6007819D7 /* StudyCouchDB */;
			targetProxy = 2D92AF4714AA22E6007819D7 /* PBXContainerItemProxy */;
		};
/* End PBXTargetDependency section */

/* Begin PBXVariantGroup section */
		2D92AF2E14AA22E6007819D7 /* InfoPlist.strings */ = {
			isa = PBXVariantGroup;
			children = (
				2D92AF2F14AA22E6007819D7 /* en */,
			);
			name = InfoPlist.strings;
			sourceTree = "<group>";
		};
		2D92AF3A14AA22E6007819D7 /* ViewController.xib */ = {
			isa = PBXVariantGroup;
			children = (
				2D92AF3B14AA22E6007819D7 /* en */,
			);
			name = ViewController.xib;
			sourceTree = "<group>";
		};
		2D92AF4C14AA22E6007819D7 /* InfoPlist.strings */ = {
			isa = PBXVariantGroup;
			children = (
				2D92AF4D14AA22E6007819D7 /* en */,
			);
			name = InfoPlist.strings;
			sourceTree = "<group>";
		};
/* End PBXVariantGroup section */

/* Begin XCBuildConfiguration section */
		2D92AF5214AA22E6007819D7 /* Debug */ = {
			isa = XCBuildConfiguration;
			buildSettings = {
				ALWAYS_SEARCH_USER_PATHS = NO;
				ARCHS = "$(ARCHS_STANDARD_32_BIT)";
				"CODE_SIGN_IDENTITY[sdk=iphoneos*]" = "iPhone Developer";
				COPY_PHASE_STRIP = NO;
				GCC_C_LANGUAGE_STANDARD = gnu99;
				GCC_DYNAMIC_NO_PIC = NO;
				GCC_OPTIMIZATION_LEVEL = 0;
				GCC_PREPROCESSOR_DEFINITIONS = (
					"DEBUG=1",
					"$(inherited)",
				);
				GCC_SYMBOLS_PRIVATE_EXTERN = NO;
				GCC_VERSION = com.apple.compilers.llvm.clang.1_0;
				GCC_WARN_ABOUT_MISSING_PROTOTYPES = YES;
				GCC_WARN_ABOUT_RETURN_TYPE = YES;
				GCC_WARN_UNUSED_VARIABLE = YES;
				IPHONEOS_DEPLOYMENT_TARGET = 5.0;
				SDKROOT = iphoneos;
			};
			name = Debug;
		};
		2D92AF5314AA22E6007819D7 /* Release */ = {
			isa = XCBuildConfiguration;
			buildSettings = {
				ALWAYS_SEARCH_USER_PATHS = NO;
				ARCHS = "$(ARCHS_STANDARD_32_BIT)";
				"CODE_SIGN_IDENTITY[sdk=iphoneos*]" = "iPhone Developer";
				COPY_PHASE_STRIP = YES;
				GCC_C_LANGUAGE_STANDARD = gnu99;
				GCC_VERSION = com.apple.compilers.llvm.clang.1_0;
				GCC_WARN_ABOUT_MISSING_PROTOTYPES = YES;
				GCC_WARN_ABOUT_RETURN_TYPE = YES;
				GCC_WARN_UNUSED_VARIABLE = YES;
				IPHONEOS_DEPLOYMENT_TARGET = 5.0;
				OTHER_CFLAGS = "-DNS_BLOCK_ASSERTIONS=1";
				SDKROOT = iphoneos;
				VALIDATE_PRODUCT = YES;
			};
			name = Release;
		};
		2D92AF5514AA22E6007819D7 /* Debug */ = {
			isa = XCBuildConfiguration;
			buildSettings = {
				FRAMEWORK_SEARCH_PATHS = (
					"$(inherited)",
					"\"$(SRCROOT)/Frameworks\"",
				);
				GCC_PRECOMPILE_PREFIX_HEADER = YES;
				GCC_PREFIX_HEADER = "StudyCouchDB/StudyCouchDB-Prefix.pch";
				INFOPLIST_FILE = "StudyCouchDB/StudyCouchDB-Info.plist";
				IPHONEOS_DEPLOYMENT_TARGET = 5.0;
				ONLY_ACTIVE_ARCH = NO;
				PRODUCT_NAME = "$(TARGET_NAME)";
				TARGETED_DEVICE_FAMILY = 2;
				WRAPPER_EXTENSION = app;
			};
			name = Debug;
		};
		2D92AF5614AA22E6007819D7 /* Release */ = {
			isa = XCBuildConfiguration;
			buildSettings = {
				FRAMEWORK_SEARCH_PATHS = (
					"$(inherited)",
					"\"$(SRCROOT)/Frameworks\"",
				);
				GCC_PRECOMPILE_PREFIX_HEADER = YES;
				GCC_PREFIX_HEADER = "StudyCouchDB/StudyCouchDB-Prefix.pch";
				INFOPLIST_FILE = "StudyCouchDB/StudyCouchDB-Info.plist";
				IPHONEOS_DEPLOYMENT_TARGET = 5.0;
				PRODUCT_NAME = "$(TARGET_NAME)";
				TARGETED_DEVICE_FAMILY = 2;
				WRAPPER_EXTENSION = app;
			};
			name = Release;
		};
		2D92AF5814AA22E6007819D7 /* Debug */ = {
			isa = XCBuildConfiguration;
			buildSettings = {
				BUNDLE_LOADER = "$(BUILT_PRODUCTS_DIR)/StudyCouchDB.app/StudyCouchDB";
				FRAMEWORK_SEARCH_PATHS = (
					"$(SDKROOT)/Developer/Library/Frameworks",
					"$(DEVELOPER_LIBRARY_DIR)/Frameworks",
				);
				GCC_PRECOMPILE_PREFIX_HEADER = YES;
				GCC_PREFIX_HEADER = "StudyCouchDB/StudyCouchDB-Prefix.pch";
				INFOPLIST_FILE = "StudyCouchDBTests/StudyCouchDBTests-Info.plist";
				PRODUCT_NAME = "$(TARGET_NAME)";
				TEST_HOST = "$(BUNDLE_LOADER)";
				WRAPPER_EXTENSION = octest;
			};
			name = Debug;
		};
		2D92AF5914AA22E6007819D7 /* Release */ = {
			isa = XCBuildConfiguration;
			buildSettings = {
				BUNDLE_LOADER = "$(BUILT_PRODUCTS_DIR)/StudyCouchDB.app/StudyCouchDB";
				FRAMEWORK_SEARCH_PATHS = (
					"$(SDKROOT)/Developer/Library/Frameworks",
					"$(DEVELOPER_LIBRARY_DIR)/Frameworks",
				);
				GCC_PRECOMPILE_PREFIX_HEADER = YES;
				GCC_PREFIX_HEADER = "StudyCouchDB/StudyCouchDB-Prefix.pch";
				INFOPLIST_FILE = "StudyCouchDBTests/StudyCouchDBTests-Info.plist";
				PRODUCT_NAME = "$(TARGET_NAME)";
				TEST_HOST = "$(BUNDLE_LOADER)";
				WRAPPER_EXTENSION = octest;
			};
			name = Release;
		};
/* End XCBuildConfiguration section */

/* Begin XCConfigurationList section */
		2D92AF1B14AA22E6007819D7 /* Build configuration list for PBXProject "StudyCouchDB" */ = {
			isa = XCConfigurationList;
			buildConfigurations = (
				2D92AF5214AA22E6007819D7 /* Debug */,
				2D92AF5314AA22E6007819D7 /* Release */,
			);
			defaultConfigurationIsVisible = 0;
			defaultConfigurationName = Release;
		};
		2D92AF5414AA22E6007819D7 /* Build configuration list for PBXNativeTarget "StudyCouchDB" */ = {
			isa = XCConfigurationList;
			buildConfigurations = (
				2D92AF5514AA22E6007819D7 /* Debug */,
				2D92AF5614AA22E6007819D7 /* Release */,
			);
			defaultConfigurationIsVisible = 0;
			defaultConfigurationName = Release;
		};
		2D92AF5714AA22E6007819D7 /* Build configuration list for PBXNativeTarget "StudyCouchDBTests" */ = {
			isa = XCConfigurationList;
			buildConfigurations = (
				2D92AF5814AA22E6007819D7 /* Debug */,
				2D92AF5914AA22E6007819D7 /* Release */,
			);
			defaultConfigurationIsVisible = 0;
			defaultConfigurationName = Release;
		};
/* End XCConfigurationList section */
	};
	rootObject = 2D92AF1814AA22E6007819D7 /* Project object */;
}
